// !$*UTF8*$!
{
	archiveVersion = 1;
	classes = {
	};
	objectVersion = 48;
	objects = {

/* Begin PBXBuildFile section */
		644A0EC22154EEAC003EF233 /* AppDelegate.swift in Sources */ = {isa = PBXBuildFile; fileRef = 644A0EC12154EEAC003EF233 /* AppDelegate.swift */; };
		644A0EC42154EEAC003EF233 /* ViewController.swift in Sources */ = {isa = PBXBuildFile; fileRef = 644A0EC32154EEAC003EF233 /* ViewController.swift */; };
		644A0EC72154EEAC003EF233 /* Main.storyboard in Resources */ = {isa = PBXBuildFile; fileRef = 644A0EC52154EEAC003EF233 /* Main.storyboard */; };
		644A0EC92154EEAC003EF233 /* Assets.xcassets in Resources */ = {isa = PBXBuildFile; fileRef = 644A0EC82154EEAC003EF233 /* Assets.xcassets */; };
		644A0ECC2154EEAC003EF233 /* LaunchScreen.storyboard in Resources */ = {isa = PBXBuildFile; fileRef = 644A0ECA2154EEAC003EF233 /* LaunchScreen.storyboard */; };
/* End PBXBuildFile section */

/* Begin PBXFileReference section */
		644A0EBE2154EEAC003EF233 /* VisualEffectView_Text.app */ = {isa = PBXFileReference; explicitFileType = wrapper.application; includeInIndex = 0; path = VisualEffectView_Text.app; sourceTree = BUILT_PRODUCTS_DIR; };
		644A0EC12154EEAC003EF233 /* AppDelegate.swift */ = {isa = PBXFileReference; lastKnownFileType = sourcecode.swift; path = AppDelegate.swift; sourceTree = "<group>"; };
		644A0EC32154EEAC003EF233 /* ViewController.swift */ = {isa = PBXFileReference; lastKnownFileType = sourcecode.swift; path = ViewController.swift; sourceTree = "<group>"; };
		644A0EC62154EEAC003EF233 /* Base */ = {isa = PBXFileReference; lastKnownFileType = file.storyboard; name = Base; path = Base.lproj/Main.storyboard; sourceTree = "<group>"; };
		644A0EC82154EEAC003EF233 /* Assets.xcassets */ = {isa = PBXFileReference; lastKnownFileType = folder.assetcatalog; path = Assets.xcassets; sourceTree = "<group>"; };
		644A0ECB2154EEAC003EF233 /* Base */ = {isa = PBXFileReference; lastKnownFileType = file.storyboard; name = Base; path = Base.lproj/LaunchScreen.storyboard; sourceTree = "<group>"; };
		644A0ECD2154EEAC003EF233 /* Info.plist */ = {isa = PBXFileReference; lastKnownFileType = text.plist.xml; path = Info.plist; sourceTree = "<group>"; };
/* End PBXFileReference section */

/* Begin PBXFrameworksBuildPhase section */
		644A0EBB2154EEAC003EF233 /* Frameworks */ = {
			isa = PBXFrameworksBuildPhase;
			buildActionMask = 2147483647;
			files = (
			);
			runOnlyForDeploymentPostprocessing = 0;
		};
/* End PBXFrameworksBuildPhase section */

/* Begin PBXGroup section */
		644A0EB52154EEAC003EF233 = {
			isa = PBXGroup;
			children = (
				644A0EC02154EEAC003EF233 /* VisualEffectView_Text */,
				644A0EBF2154EEAC003EF233 /* Products */,
			);
			sourceTree = "<group>";
		};
		644A0EBF2154EEAC003EF233 /* Products */ = {
			isa = PBXGroup;
			children = (
				644A0EBE2154EEAC003EF233 /* VisualEffectView_Text.app */,
			);
			name = Products;
			sourceTree = "<group>";
		};
		644A0EC02154EEAC003EF233 /* VisualEffectView_Text */ = {
			isa = PBXGroup;
			children = (
				644A0EC12154EEAC003EF233 /* AppDelegate.swift */,
				644A0EC32154EEAC003EF233 /* ViewController.swift */,
				644A0EC52154EEAC003EF233 /* Main.storyboard */,
				644A0EC82154EEAC003EF233 /* Assets.xcassets */,
				644A0ECA2154EEAC003EF233 /* LaunchScreen.storyboard */,
				644A0ECD2154EEAC003EF233 /* Info.plist */,
			);
			path = VisualEffectView_Text;
			sourceTree = "<group>";
		};
/* End PBXGroup section */

/* Begin PBXNativeTarget section */
		644A0EBD2154EEAC003EF233 /* VisualEffectView_Text */ = {
			isa = PBXNativeTarget;
			buildConfigurationList = 644A0ED02154EEAC003EF233 /* Build configuration list for PBXNativeTarget "VisualEffectView_Text" */;
			buildPhases = (
				644A0EBA2154EEAC003EF233 /* Sources */,
				644A0EBB2154EEAC003EF233 /* Frameworks */,
				644A0EBC2154EEAC003EF233 /* Resources */,
			);
			buildRules = (
			);
			dependencies = (
			);
			name = VisualEffectView_Text;
			productName = VisualEffectView_Text;
			productReference = 644A0EBE2154EEAC003EF233 /* VisualEffectView_Text.app */;
			productType = "com.apple.product-type.application";
		};
/* End PBXNativeTarget section */

/* Begin PBXProject section */
		644A0EB62154EEAC003EF233 /* Project object */ = {
			isa = PBXProject;
			attributes = {
				LastSwiftUpdateCheck = 0920;
				LastUpgradeCheck = 0920;
				ORGANIZATIONNAME = "IIT-翁禹斌(William.Weng)";
				TargetAttributes = {
					644A0EBD2154EEAC003EF233 = {
						CreatedOnToolsVersion = 9.2;
						ProvisioningStyle = Automatic;
					};
				};
			};
			buildConfigurationList = 644A0EB92154EEAC003EF233 /* Build configuration list for PBXProject "VisualEffectView_Text" */;
			compatibilityVersion = "Xcode 8.0";
			developmentRegion = en;
			hasScannedForEncodings = 0;
			knownRegions = (
				en,
				Base,
			);
			mainGroup = 644A0EB52154EEAC003EF233;
			productRefGroup = 644A0EBF2154EEAC003EF233 /* Products */;
			projectDirPath = "";
			projectRoot = "";
			targets = (
				644A0EBD2154EEAC003EF233 /* VisualEffectView_Text */,
			);
		};
/* End PBXProject section */

/* Begin PBXResourcesBuildPhase section */
		644A0EBC2154EEAC003EF233 /* Resources */ = {
			isa = PBXResourcesBuildPhase;
			buildActionMask = 2147483647;
			files = (
				644A0ECC2154EEAC003EF233 /* LaunchScreen.storyboard in Resources */,
				644A0EC92154EEAC003EF233 /* Assets.xcassets in Resources */,
				644A0EC72154EEAC003EF233 /* Main.storyboard in Resources */,
			);
			runOnlyForDeploymentPostprocessing = 0;
		};
/* End PBXResourcesBuildPhase section */

/* Begin PBXSourcesBuildPhase section */
		644A0EBA2154EEAC003EF233 /* Sources */ = {
			isa = PBXSourcesBuildPhase;
			buildActionMask = 2147483647;
			files = (
				644A0EC42154EEAC003EF233 /* ViewController.swift in Sources */,
				644A0EC22154EEAC003EF233 /* AppDelegate.swift in Sources */,
			);
			runOnlyForDeploymentPostprocessing = 0;
		};
/* End PBXSourcesBuildPhase section */

/* Begin PBXVariantGroup section */
		644A0EC52154EEAC003EF233 /* Main.storyboard */ = {
			isa = PBXVariantGroup;
			children = (
				644A0EC62154EEAC003EF233 /* Base */,
			);
			name = Main.storyboard;
			sourceTree = "<group>";
		};
		644A0ECA2154EEAC003EF233 /* LaunchScreen.storyboard */ = {
			isa = PBXVariantGroup;
			children = (
				644A0ECB2154EEAC003EF233 /* Base */,
			);
			name = LaunchScreen.storyboard;
			sourceTree = "<group>";
		};
/* End PBXVariantGroup section */

/* Begin XCBuildConfiguration section */
		644A0ECE2154EEAC003EF233 /* Debug */ = {
			isa = XCBuildConfiguration;
			buildSettings = {
				ALWAYS_SEARCH_USER_PATHS = NO;
				CLANG_ANALYZER_NONNULL = YES;
				CLANG_ANALYZER_NUMBER_OBJECT_CONVERSION = YES_AGGRESSIVE;
				CLANG_CXX_LANGUAGE_STANDARD = "gnu++14";
				CLANG_CXX_LIBRARY = "libc++";
				CLANG_ENABLE_MODULES = YES;
				CLANG_ENABLE_OBJC_ARC = YES;
				CLANG_WARN_BLOCK_CAPTURE_AUTORELEASING = YES;
				CLANG_WARN_BOOL_CONVERSION = YES;
				CLANG_WARN_COMMA = YES;
				CLANG_WARN_CONSTANT_CONVERSION = YES;
				CLANG_WARN_DIRECT_OBJC_ISA_USAGE = YES_ERROR;
				CLANG_WARN_DOCUMENTATION_COMMENTS = YES;
				CLANG_WARN_EMPTY_BODY = YES;
				CLANG_WARN_ENUM_CONVERSION = YES;
				CLANG_WARN_INFINITE_RECURSION = YES;
				CLANG_WARN_INT_CONVERSION = YES;
				CLANG_WARN_NON_LITERAL_NULL_CONVERSION = YES;
				CLANG_WARN_OBJC_LITERAL_CONVERSION = YES;
				CLANG_WARN_OBJC_ROOT_CLASS = YES_ERROR;
				CLANG_WARN_RANGE_LOOP_ANALYSIS = YES;
				CLANG_WARN_STRICT_PROTOTYPES = YES;
				CLANG_WARN_SUSPICIOUS_MOVE = YES;
				CLANG_WARN_UNGUARDED_AVAILABILITY = YES_AGGRESSIVE;
				CLANG_WARN_UNREACHABLE_CODE = YES;
				CLANG_WARN__DUPLICATE_METHOD_MATCH = YES;
				CODE_SIGN_IDENTITY = "iPhone Developer";
				COPY_PHASE_STRIP = NO;
				DEBUG_INFORMATION_FORMAT = dwarf;
				ENABLE_STRICT_OBJC_MSGSEND = YES;
				ENABLE_TESTABILITY = YES;
				GCC_C_LANGUAGE_STANDARD = gnu11;
				GCC_DYNAMIC_NO_PIC = NO;
				GCC_NO_COMMON_BLOCKS = YES;
				GCC_OPTIMIZATION_LEVEL = 0;
				GCC_PREPROCESSOR_DEFINITIONS = (
					"DEBUG=1",
					"$(inherited)",
				);
				GCC_WARN_64_TO_32_BIT_CONVERSION = YES;
				GCC_WARN_ABOUT_RETURN_TYPE = YES_ERROR;
				GCC_WARN_UNDECLARED_SELECTOR = YES;
				GCC_WARN_UNINITIALIZED_AUTOS = YES_AGGRESSIVE;
				GCC_WARN_UNUSED_FUNCTION = YES;
				GCC_WARN_UNUSED_VARIABLE = YES;
				IPHONEOS_DEPLOYMENT_TARGET = 11.2;
				MTL_ENABLE_DEBUG_INFO = YES;
				ONLY_ACTIVE_ARCH = YES;
				SDKROOT = iphoneos;
				SWIFT_ACTIVE_COMPILATION_CONDITIONS = DEBUG;
				SWIFT_OPTIMIZATION_LEVEL = "-Onone";
			};
			name = Debug;
		};
		644A0ECF2154EEAC003EF233 /* Release */ = {
			isa = XCBuildConfiguration;
			buildSettings = {
				ALWAYS_SEARCH_USER_PATHS = NO;
				CLANG_ANALYZER_NONNULL = YES;
				CLANG_ANALYZER_NUMBER_OBJECT_CONVERSION = YES_AGGRESSIVE;
				CLANG_CXX_LANGUAGE_STANDARD = "gnu++14";
				CLANG_CXX_LIBRARY = "libc++";
				CLANG_ENABLE_MODULES = YES;
				CLANG_ENABLE_OBJC_ARC = YES;
				CLANG_WARN_BLOCK_CAPTURE_AUTORELEASING = YES;
				CLANG_WARN_BOOL_CONVERSION = YES;
				CLANG_WARN_COMMA = YES;
				CLANG_WARN_CONSTANT_CONVERSION = YES;
				CLANG_WARN_DIRECT_OBJC_ISA_USAGE = YES_ERROR;
				CLANG_WARN_DOCUMENTATION_COMMENTS = YES;
				CLANG_WARN_EMPTY_BODY = YES;
				CLANG_WARN_ENUM_CONVERSION = YES;
				CLANG_WARN_INFINITE_RECURSION = YES;
				CLANG_WARN_INT_CONVERSION = YES;
				CLANG_WARN_NON_LITERAL_NULL_CONVERSION = YES;
				CLANG_WARN_OBJC_LITERAL_CONVERSION = YES;
				CLANG_WARN_OBJC_ROOT_CLASS = YES_ERROR;
				CLANG_WARN_RANGE_LOOP_ANALYSIS = YES;
				CLANG_WARN_STRICT_PROTOTYPES = YES;
				CLANG_WARN_SUSPICIOUS_MOVE = YES;
				CLANG_WARN_UNGUARDED_AVAILABILITY = YES_AGGRESSIVE;
				CLANG_WARN_UNREACHABLE_CODE = YES;
				CLANG_WARN__DUPLICATE_METHOD_MATCH = YES;
				CODE_SIGN_IDENTITY = "iPhone Developer";
				COPY_PHASE_STRIP = NO;
				DEBUG_INFORMATION_FORMAT = "dwarf-with-dsym";
				ENABLE_NS_ASSERTIONS = NO;
				ENABLE_STRICT_OBJC_MSGSEND = YES;
				GCC_C_LANGUAGE_STANDARD = gnu11;
				GCC_NO_COMMON_BLOCKS = YES;
				GCC_WARN_64_TO_32_BIT_CONVERSION = YES;
				GCC_WARN_ABOUT_RETURN_TYPE = YES_ERROR;
				GCC_WARN_UNDECLARED_SELECTOR = YES;
				GCC_WARN_UNINITIALIZED_AUTOS = YES_AGGRESSIVE;
				GCC_WARN_UNUSED_FUNCTION = YES;
				GCC_WARN_UNUSED_VARIABLE = YES;
				IPHONEOS_DEPLOYMENT_TARGET = 11.2;
				MTL_ENABLE_DEBUG_INFO = NO;
				SDKROOT = iphoneos;
				SWIFT_OPTIMIZATION_LEVEL = "-Owholemodule";
				VALIDATE_PRODUCT = YES;
			};
			name = Release;
		};
		644A0ED12154EEAC003EF233 /* Debug */ = {
			isa = XCBuildConfiguration;
			buildSettings = {
				ASSETCATALOG_COMPILER_APPICON_NAME = AppIcon;
				CODE_SIGN_STYLE = Automatic;
				DEVELOPMENT_TEAM = GXE4438K84;
				INFOPLIST_FILE = VisualEffectView_Text/Info.plist;
				IPHONEOS_DEPLOYMENT_TARGET = 10.0;
				LD_RUNPATH_SEARCH_PATHS = "$(inherited) @executable_path/Frameworks";
				PRODUCT_BUNDLE_IDENTIFIER = "tw.idv.william.VisualEffectView-Text";
				PRODUCT_NAME = "$(TARGET_NAME)";
				SWIFT_VERSION = 4.0;
				TARGETED_DEVICE_FAMILY = "1,2";
			};
			name = Debug;
		};
		644A0ED22154EEAC003EF233 /* Release */ = {
			isa = XCBuildConfiguration;
			buildSettings = {
				ASSETCATALOG_COMPILER_APPICON_NAME = AppIcon;
				CODE_SIGN_STYLE = Automatic;
				DEVELOPMENT_TEAM = GXE4438K84;
				INFOPLIST_FILE = VisualEffectView_Text/Info.plist;
				IPHONEOS_DEPLOYMENT_TARGET = 10.0;
				LD_RUNPATH_SEARCH_PATHS = "$(inherited) @executable_path/Frameworks";
				PRODUCT_BUNDLE_IDENTIFIER = "tw.idv.william.VisualEffectView-Text";
				PRODUCT_NAME = "$(TARGET_NAME)";
				SWIFT_VERSION = 4.0;
				TARGETED_DEVICE_FAMILY = "1,2";
			};
			name = Release;
		};
/* End XCBuildConfiguration section */

/* Begin XCConfigurationList section */
		644A0EB92154EEAC003EF233 /* Build configuration list for PBXProject "VisualEffectView_Text" */ = {
			isa = XCConfigurationList;
			buildConfigurations = (
				644A0ECE2154EEAC003EF233 /* Debug */,
				644A0ECF2154EEAC003EF233 /* Release */,
			);
			defaultConfigurationIsVisible = 0;
			defaultConfigurationName = Release;
		};
		644A0ED02154EEAC003EF233 /* Build configuration list for PBXNativeTarget "VisualEffectView_Text" */ = {
			isa = XCConfigurationList;
			buildConfigurations = (
				644A0ED12154EEAC003EF233 /* Debug */,
				644A0ED22154EEAC003EF233 /* Release */,
			);
			defaultConfigurationIsVisible = 0;
			defaultConfigurationName = Release;
		};
/* End XCConfigurationList section */
	};
	rootObject = 644A0EB62154EEAC003EF233 /* Project object */;
}
