// !$*UTF8*$!
{
	archiveVersion = 1;
	classes = {
	};
	objectVersion = 50;
	objects = {

/* Begin PBXBuildFile section */
		646FCD6E2249D60A00B9C642 /* AppDelegate.swift in Sources */ = {isa = PBXBuildFile; fileRef = 646FCD6D2249D60A00B9C642 /* AppDelegate.swift */; };
		646FCD702249D60A00B9C642 /* ViewController.swift in Sources */ = {isa = PBXBuildFile; fileRef = 646FCD6F2249D60A00B9C642 /* ViewController.swift */; };
		646FCD732249D60A00B9C642 /* Main.storyboard in Resources */ = {isa = PBXBuildFile; fileRef = 646FCD712249D60A00B9C642 /* Main.storyboard */; };
		646FCD752249D60C00B9C642 /* Assets.xcassets in Resources */ = {isa = PBXBuildFile; fileRef = 646FCD742249D60C00B9C642 /* Assets.xcassets */; };
		646FCD782249D60C00B9C642 /* LaunchScreen.storyboard in Resources */ = {isa = PBXBuildFile; fileRef = 646FCD762249D60C00B9C642 /* LaunchScreen.storyboard */; };
/* End PBXBuildFile section */

/* Begin PBXFileReference section */
		646FCD6A2249D60A00B9C642 /* UITableViewPerformBatchUpdates.app */ = {isa = PBXFileReference; explicitFileType = wrapper.application; includeInIndex = 0; path = UITableViewPerformBatchUpdates.app; sourceTree = BUILT_PRODUCTS_DIR; };
		646FCD6D2249D60A00B9C642 /* AppDelegate.swift */ = {isa = PBXFileReference; lastKnownFileType = sourcecode.swift; path = AppDelegate.swift; sourceTree = "<group>"; };
		646FCD6F2249D60A00B9C642 /* ViewController.swift */ = {isa = PBXFileReference; lastKnownFileType = sourcecode.swift; path = ViewController.swift; sourceTree = "<group>"; };
		646FCD722249D60A00B9C642 /* Base */ = {isa = PBXFileReference; lastKnownFileType = file.storyboard; name = Base; path = Base.lproj/Main.storyboard; sourceTree = "<group>"; };
		646FCD742249D60C00B9C642 /* Assets.xcassets */ = {isa = PBXFileReference; lastKnownFileType = folder.assetcatalog; path = Assets.xcassets; sourceTree = "<group>"; };
		646FCD772249D60C00B9C642 /* Base */ = {isa = PBXFileReference; lastKnownFileType = file.storyboard; name = Base; path = Base.lproj/LaunchScreen.storyboard; sourceTree = "<group>"; };
		646FCD792249D60C00B9C642 /* Info.plist */ = {isa = PBXFileReference; lastKnownFileType = text.plist.xml; path = Info.plist; sourceTree = "<group>"; };
/* End PBXFileReference section */

/* Begin PBXFrameworksBuildPhase section */
		646FCD672249D60A00B9C642 /* Frameworks */ = {
			isa = PBXFrameworksBuildPhase;
			buildActionMask = 2147483647;
			files = (
			);
			runOnlyForDeploymentPostprocessing = 0;
		};
/* End PBXFrameworksBuildPhase section */

/* Begin PBXGroup section */
		646FCD612249D60A00B9C642 = {
			isa = PBXGroup;
			children = (
				646FCD6C2249D60A00B9C642 /* UITableViewPerformBatchUpdates */,
				646FCD6B2249D60A00B9C642 /* Products */,
			);
			sourceTree = "<group>";
		};
		646FCD6B2249D60A00B9C642 /* Products */ = {
			isa = PBXGroup;
			children = (
				646FCD6A2249D60A00B9C642 /* UITableViewPerformBatchUpdates.app */,
			);
			name = Products;
			sourceTree = "<group>";
		};
		646FCD6C2249D60A00B9C642 /* UITableViewPerformBatchUpdates */ = {
			isa = PBXGroup;
			children = (
				646FCD822249D65800B9C642 /* Setting */,
				646FCD812249D64C00B9C642 /* Material */,
				646FCD802249D64000B9C642 /* Storyboard */,
				646FCD7F2249D63000B9C642 /* ViewController */,
				646FCD6D2249D60A00B9C642 /* AppDelegate.swift */,
			);
			path = UITableViewPerformBatchUpdates;
			sourceTree = "<group>";
		};
		646FCD7F2249D63000B9C642 /* ViewController */ = {
			isa = PBXGroup;
			children = (
				646FCD6F2249D60A00B9C642 /* ViewController.swift */,
			);
			path = ViewController;
			sourceTree = "<group>";
		};
		646FCD802249D64000B9C642 /* Storyboard */ = {
			isa = PBXGroup;
			children = (
				646FCD762249D60C00B9C642 /* LaunchScreen.storyboard */,
				646FCD712249D60A00B9C642 /* Main.storyboard */,
			);
			path = Storyboard;
			sourceTree = "<group>";
		};
		646FCD812249D64C00B9C642 /* Material */ = {
			isa = PBXGroup;
			children = (
				646FCD742249D60C00B9C642 /* Assets.xcassets */,
			);
			path = Material;
			sourceTree = "<group>";
		};
		646FCD822249D65800B9C642 /* Setting */ = {
			isa = PBXGroup;
			children = (
				646FCD792249D60C00B9C642 /* Info.plist */,
			);
			name = Setting;
			sourceTree = "<group>";
		};
/* End PBXGroup section */

/* Begin PBXNativeTarget section */
		646FCD692249D60A00B9C642 /* UITableViewPerformBatchUpdates */ = {
			isa = PBXNativeTarget;
			buildConfigurationList = 646FCD7C2249D60C00B9C642 /* Build configuration list for PBXNativeTarget "UITableViewPerformBatchUpdates" */;
			buildPhases = (
				646FCD662249D60A00B9C642 /* Sources */,
				646FCD672249D60A00B9C642 /* Frameworks */,
				646FCD682249D60A00B9C642 /* Resources */,
			);
			buildRules = (
			);
			dependencies = (
			);
			name = UITableViewPerformBatchUpdates;
			productName = UITableViewPerformBatchUpdates;
			productReference = 646FCD6A2249D60A00B9C642 /* UITableViewPerformBatchUpdates.app */;
			productType = "com.apple.product-type.application";
		};
/* End PBXNativeTarget section */

/* Begin PBXProject section */
		646FCD622249D60A00B9C642 /* Project object */ = {
			isa = PBXProject;
			attributes = {
				LastSwiftUpdateCheck = 1010;
				LastUpgradeCheck = 1010;
				ORGANIZATIONNAME = "IIT-翁禹斌(William.Weng)";
				TargetAttributes = {
					646FCD692249D60A00B9C642 = {
						CreatedOnToolsVersion = 10.1;
					};
				};
			};
			buildConfigurationList = 646FCD652249D60A00B9C642 /* Build configuration list for PBXProject "UITableViewPerformBatchUpdates" */;
			compatibilityVersion = "Xcode 9.3";
			developmentRegion = en;
			hasScannedForEncodings = 0;
			knownRegions = (
				en,
				Base,
			);
			mainGroup = 646FCD612249D60A00B9C642;
			productRefGroup = 646FCD6B2249D60A00B9C642 /* Products */;
			projectDirPath = "";
			projectRoot = "";
			targets = (
				646FCD692249D60A00B9C642 /* UITableViewPerformBatchUpdates */,
			);
		};
/* End PBXProject section */

/* Begin PBXResourcesBuildPhase section */
		646FCD682249D60A00B9C642 /* Resources */ = {
			isa = PBXResourcesBuildPhase;
			buildActionMask = 2147483647;
			files = (
				646FCD782249D60C00B9C642 /* LaunchScreen.storyboard in Resources */,
				646FCD752249D60C00B9C642 /* Assets.xcassets in Resources */,
				646FCD732249D60A00B9C642 /* Main.storyboard in Resources */,
			);
			runOnlyForDeploymentPostprocessing = 0;
		};
/* End PBXResourcesBuildPhase section */

/* Begin PBXSourcesBuildPhase section */
		646FCD662249D60A00B9C642 /* Sources */ = {
			isa = PBXSourcesBuildPhase;
			buildActionMask = 2147483647;
			files = (
				646FCD702249D60A00B9C642 /* ViewController.swift in Sources */,
				646FCD6E2249D60A00B9C642 /* AppDelegate.swift in Sources */,
			);
			runOnlyForDeploymentPostprocessing = 0;
		};
/* End PBXSourcesBuildPhase section */

/* Begin PBXVariantGroup section */
		646FCD712249D60A00B9C642 /* Main.storyboard */ = {
			isa = PBXVariantGroup;
			children = (
				646FCD722249D60A00B9C642 /* Base */,
			);
			name = Main.storyboard;
			sourceTree = "<group>";
		};
		646FCD762249D60C00B9C642 /* LaunchScreen.storyboard */ = {
			isa = PBXVariantGroup;
			children = (
				646FCD772249D60C00B9C642 /* Base */,
			);
			name = LaunchScreen.storyboard;
			sourceTree = "<group>";
		};
/* End PBXVariantGroup section */

/* Begin XCBuildConfiguration section */
		646FCD7A2249D60C00B9C642 /* Debug */ = {
			isa = XCBuildConfiguration;
			buildSettings = {
				ALWAYS_SEARCH_USER_PATHS = NO;
				CLANG_ANALYZER_NONNULL = YES;
				CLANG_ANALYZER_NUMBER_OBJECT_CONVERSION = YES_AGGRESSIVE;
				CLANG_CXX_LANGUAGE_STANDARD = "gnu++14";
				CLANG_CXX_LIBRARY = "libc++";
				CLANG_ENABLE_MODULES = YES;
				CLANG_ENABLE_OBJC_ARC = YES;
				CLANG_ENABLE_OBJC_WEAK = YES;
				CLANG_WARN_BLOCK_CAPTURE_AUTORELEASING = YES;
				CLANG_WARN_BOOL_CONVERSION = YES;
				CLANG_WARN_COMMA = YES;
				CLANG_WARN_CONSTANT_CONVERSION = YES;
				CLANG_WARN_DEPRECATED_OBJC_IMPLEMENTATIONS = YES;
				CLANG_WARN_DIRECT_OBJC_ISA_USAGE = YES_ERROR;
				CLANG_WARN_DOCUMENTATION_COMMENTS = YES;
				CLANG_WARN_EMPTY_BODY = YES;
				CLANG_WARN_ENUM_CONVERSION = YES;
				CLANG_WARN_INFINITE_RECURSION = YES;
				CLANG_WARN_INT_CONVERSION = YES;
				CLANG_WARN_NON_LITERAL_NULL_CONVERSION = YES;
				CLANG_WARN_OBJC_IMPLICIT_RETAIN_SELF = YES;
				CLANG_WARN_OBJC_LITERAL_CONVERSION = YES;
				CLANG_WARN_OBJC_ROOT_CLASS = YES_ERROR;
				CLANG_WARN_RANGE_LOOP_ANALYSIS = YES;
				CLANG_WARN_STRICT_PROTOTYPES = YES;
				CLANG_WARN_SUSPICIOUS_MOVE = YES;
				CLANG_WARN_UNGUARDED_AVAILABILITY = YES_AGGRESSIVE;
				CLANG_WARN_UNREACHABLE_CODE = YES;
				CLANG_WARN__DUPLICATE_METHOD_MATCH = YES;
				CODE_SIGN_IDENTITY = "iPhone Developer";
				COPY_PHASE_STRIP = NO;
				DEBUG_INFORMATION_FORMAT = dwarf;
				ENABLE_STRICT_OBJC_MSGSEND = YES;
				ENABLE_TESTABILITY = YES;
				GCC_C_LANGUAGE_STANDARD = gnu11;
				GCC_DYNAMIC_NO_PIC = NO;
				GCC_NO_COMMON_BLOCKS = YES;
				GCC_OPTIMIZATION_LEVEL = 0;
				GCC_PREPROCESSOR_DEFINITIONS = (
					"DEBUG=1",
					"$(inherited)",
				);
				GCC_WARN_64_TO_32_BIT_CONVERSION = YES;
				GCC_WARN_ABOUT_RETURN_TYPE = YES_ERROR;
				GCC_WARN_UNDECLARED_SELECTOR = YES;
				GCC_WARN_UNINITIALIZED_AUTOS = YES_AGGRESSIVE;
				GCC_WARN_UNUSED_FUNCTION = YES;
				GCC_WARN_UNUSED_VARIABLE = YES;
				IPHONEOS_DEPLOYMENT_TARGET = 12.1;
				MTL_ENABLE_DEBUG_INFO = INCLUDE_SOURCE;
				MTL_FAST_MATH = YES;
				ONLY_ACTIVE_ARCH = YES;
				SDKROOT = iphoneos;
				SWIFT_ACTIVE_COMPILATION_CONDITIONS = DEBUG;
				SWIFT_OPTIMIZATION_LEVEL = "-Onone";
			};
			name = Debug;
		};
		646FCD7B2249D60C00B9C642 /* Release */ = {
			isa = XCBuildConfiguration;
			buildSettings = {
				ALWAYS_SEARCH_USER_PATHS = NO;
				CLANG_ANALYZER_NONNULL = YES;
				CLANG_ANALYZER_NUMBER_OBJECT_CONVERSION = YES_AGGRESSIVE;
				CLANG_CXX_LANGUAGE_STANDARD = "gnu++14";
				CLANG_CXX_LIBRARY = "libc++";
				CLANG_ENABLE_MODULES = YES;
				CLANG_ENABLE_OBJC_ARC = YES;
				CLANG_ENABLE_OBJC_WEAK = YES;
				CLANG_WARN_BLOCK_CAPTURE_AUTORELEASING = YES;
				CLANG_WARN_BOOL_CONVERSION = YES;
				CLANG_WARN_COMMA = YES;
				CLANG_WARN_CONSTANT_CONVERSION = YES;
				CLANG_WARN_DEPRECATED_OBJC_IMPLEMENTATIONS = YES;
				CLANG_WARN_DIRECT_OBJC_ISA_USAGE = YES_ERROR;
				CLANG_WARN_DOCUMENTATION_COMMENTS = YES;
				CLANG_WARN_EMPTY_BODY = YES;
				CLANG_WARN_ENUM_CONVERSION = YES;
				CLANG_WARN_INFINITE_RECURSION = YES;
				CLANG_WARN_INT_CONVERSION = YES;
				CLANG_WARN_NON_LITERAL_NULL_CONVERSION = YES;
				CLANG_WARN_OBJC_IMPLICIT_RETAIN_SELF = YES;
				CLANG_WARN_OBJC_LITERAL_CONVERSION = YES;
				CLANG_WARN_OBJC_ROOT_CLASS = YES_ERROR;
				CLANG_WARN_RANGE_LOOP_ANALYSIS = YES;
				CLANG_WARN_STRICT_PROTOTYPES = YES;
				CLANG_WARN_SUSPICIOUS_MOVE = YES;
				CLANG_WARN_UNGUARDED_AVAILABILITY = YES_AGGRESSIVE;
				CLANG_WARN_UNREACHABLE_CODE = YES;
				CLANG_WARN__DUPLICATE_METHOD_MATCH = YES;
				CODE_SIGN_IDENTITY = "iPhone Developer";
				COPY_PHASE_STRIP = NO;
				DEBUG_INFORMATION_FORMAT = "dwarf-with-dsym";
				ENABLE_NS_ASSERTIONS = NO;
				ENABLE_STRICT_OBJC_MSGSEND = YES;
				GCC_C_LANGUAGE_STANDARD = gnu11;
				GCC_NO_COMMON_BLOCKS = YES;
				GCC_WARN_64_TO_32_BIT_CONVERSION = YES;
				GCC_WARN_ABOUT_RETURN_TYPE = YES_ERROR;
				GCC_WARN_UNDECLARED_SELECTOR = YES;
				GCC_WARN_UNINITIALIZED_AUTOS = YES_AGGRESSIVE;
				GCC_WARN_UNUSED_FUNCTION = YES;
				GCC_WARN_UNUSED_VARIABLE = YES;
				IPHONEOS_DEPLOYMENT_TARGET = 12.1;
				MTL_ENABLE_DEBUG_INFO = NO;
				MTL_FAST_MATH = YES;
				SDKROOT = iphoneos;
				SWIFT_COMPILATION_MODE = wholemodule;
				SWIFT_OPTIMIZATION_LEVEL = "-O";
				VALIDATE_PRODUCT = YES;
			};
			name = Release;
		};
		646FCD7D2249D60C00B9C642 /* Debug */ = {
			isa = XCBuildConfiguration;
			buildSettings = {
				ASSETCATALOG_COMPILER_APPICON_NAME = AppIcon;
				CODE_SIGN_STYLE = Automatic;
				DEVELOPMENT_TEAM = GXE4438K84;
				INFOPLIST_FILE = UITableViewPerformBatchUpdates/Info.plist;
				IPHONEOS_DEPLOYMENT_TARGET = 11.0;
				LD_RUNPATH_SEARCH_PATHS = (
					"$(inherited)",
					"@executable_path/Frameworks",
				);
				PRODUCT_BUNDLE_IDENTIFIER = tw.idv.william.UITableViewPerformBatchUpdates;
				PRODUCT_NAME = "$(TARGET_NAME)";
				SWIFT_VERSION = 4.2;
				TARGETED_DEVICE_FAMILY = "1,2";
			};
			name = Debug;
		};
		646FCD7E2249D60C00B9C642 /* Release */ = {
			isa = XCBuildConfiguration;
			buildSettings = {
				ASSETCATALOG_COMPILER_APPICON_NAME = AppIcon;
				CODE_SIGN_STYLE = Automatic;
				DEVELOPMENT_TEAM = GXE4438K84;
				INFOPLIST_FILE = UITableViewPerformBatchUpdates/Info.plist;
				IPHONEOS_DEPLOYMENT_TARGET = 11.0;
				LD_RUNPATH_SEARCH_PATHS = (
					"$(inherited)",
					"@executable_path/Frameworks",
				);
				PRODUCT_BUNDLE_IDENTIFIER = tw.idv.william.UITableViewPerformBatchUpdates;
				PRODUCT_NAME = "$(TARGET_NAME)";
				SWIFT_VERSION = 4.2;
				TARGETED_DEVICE_FAMILY = "1,2";
			};
			name = Release;
		};
/* End XCBuildConfiguration section */

/* Begin XCConfigurationList section */
		646FCD652249D60A00B9C642 /* Build configuration list for PBXProject "UITableViewPerformBatchUpdates" */ = {
			isa = XCConfigurationList;
			buildConfigurations = (
				646FCD7A2249D60C00B9C642 /* Debug */,
				646FCD7B2249D60C00B9C642 /* Release */,
			);
			defaultConfigurationIsVisible = 0;
			defaultConfigurationName = Release;
		};
		646FCD7C2249D60C00B9C642 /* Build configuration list for PBXNativeTarget "UITableViewPerformBatchUpdates" */ = {
			isa = XCConfigurationList;
			buildConfigurations = (
				646FCD7D2249D60C00B9C642 /* Debug */,
				646FCD7E2249D60C00B9C642 /* Release */,
			);
			defaultConfigurationIsVisible = 0;
			defaultConfigurationName = Release;
		};
/* End XCConfigurationList section */
	};
	rootObject = 646FCD622249D60A00B9C642 /* Project object */;
}
