// !$*UTF8*$!
{
	archiveVersion = 1;
	classes = {
	};
	objectVersion = 50;
	objects = {

/* Begin PBXBuildFile section */
		64B3AD0C2238D66D002AE6CF /* AppDelegate.swift in Sources */ = {isa = PBXBuildFile; fileRef = 64B3AD0B2238D66D002AE6CF /* AppDelegate.swift */; };
		64B3AD0E2238D66D002AE6CF /* ViewController.swift in Sources */ = {isa = PBXBuildFile; fileRef = 64B3AD0D2238D66D002AE6CF /* ViewController.swift */; };
		64B3AD112238D66D002AE6CF /* Main.storyboard in Resources */ = {isa = PBXBuildFile; fileRef = 64B3AD0F2238D66D002AE6CF /* Main.storyboard */; };
		64B3AD132238D66F002AE6CF /* Assets.xcassets in Resources */ = {isa = PBXBuildFile; fileRef = 64B3AD122238D66F002AE6CF /* Assets.xcassets */; };
		64B3AD162238D66F002AE6CF /* LaunchScreen.storyboard in Resources */ = {isa = PBXBuildFile; fileRef = 64B3AD142238D66F002AE6CF /* LaunchScreen.storyboard */; };
		64F3187C223F33C900C92225 /* MyTableView.swift in Sources */ = {isa = PBXBuildFile; fileRef = 64F3187B223F33C900C92225 /* MyTableView.swift */; };
/* End PBXBuildFile section */

/* Begin PBXFileReference section */
		64B3AD082238D66D002AE6CF /* TableViewHitTest.app */ = {isa = PBXFileReference; explicitFileType = wrapper.application; includeInIndex = 0; path = TableViewHitTest.app; sourceTree = BUILT_PRODUCTS_DIR; };
		64B3AD0B2238D66D002AE6CF /* AppDelegate.swift */ = {isa = PBXFileReference; lastKnownFileType = sourcecode.swift; path = AppDelegate.swift; sourceTree = "<group>"; };
		64B3AD0D2238D66D002AE6CF /* ViewController.swift */ = {isa = PBXFileReference; lastKnownFileType = sourcecode.swift; path = ViewController.swift; sourceTree = "<group>"; };
		64B3AD102238D66D002AE6CF /* Base */ = {isa = PBXFileReference; lastKnownFileType = file.storyboard; name = Base; path = Base.lproj/Main.storyboard; sourceTree = "<group>"; };
		64B3AD122238D66F002AE6CF /* Assets.xcassets */ = {isa = PBXFileReference; lastKnownFileType = folder.assetcatalog; path = Assets.xcassets; sourceTree = "<group>"; };
		64B3AD152238D66F002AE6CF /* Base */ = {isa = PBXFileReference; lastKnownFileType = file.storyboard; name = Base; path = Base.lproj/LaunchScreen.storyboard; sourceTree = "<group>"; };
		64B3AD172238D66F002AE6CF /* Info.plist */ = {isa = PBXFileReference; lastKnownFileType = text.plist.xml; path = Info.plist; sourceTree = "<group>"; };
		64F3187B223F33C900C92225 /* MyTableView.swift */ = {isa = PBXFileReference; lastKnownFileType = sourcecode.swift; path = MyTableView.swift; sourceTree = "<group>"; };
/* End PBXFileReference section */

/* Begin PBXFrameworksBuildPhase section */
		64B3AD052238D66D002AE6CF /* Frameworks */ = {
			isa = PBXFrameworksBuildPhase;
			buildActionMask = 2147483647;
			files = (
			);
			runOnlyForDeploymentPostprocessing = 0;
		};
/* End PBXFrameworksBuildPhase section */

/* Begin PBXGroup section */
		64B3ACFF2238D66D002AE6CF = {
			isa = PBXGroup;
			children = (
				64B3AD0A2238D66D002AE6CF /* TableViewHitTest */,
				64B3AD092238D66D002AE6CF /* Products */,
			);
			sourceTree = "<group>";
		};
		64B3AD092238D66D002AE6CF /* Products */ = {
			isa = PBXGroup;
			children = (
				64B3AD082238D66D002AE6CF /* TableViewHitTest.app */,
			);
			name = Products;
			sourceTree = "<group>";
		};
		64B3AD0A2238D66D002AE6CF /* TableViewHitTest */ = {
			isa = PBXGroup;
			children = (
				64B3AD202238D6B8002AE6CF /* Setting */,
				64B3AD1F2238D6AC002AE6CF /* Material */,
				64B3AD1E2238D69F002AE6CF /* Storyboard */,
				64B3AD1D2238D693002AE6CF /* ViewController */,
				64B3AD0B2238D66D002AE6CF /* AppDelegate.swift */,
			);
			path = TableViewHitTest;
			sourceTree = "<group>";
		};
		64B3AD1D2238D693002AE6CF /* ViewController */ = {
			isa = PBXGroup;
			children = (
				64B3AD0D2238D66D002AE6CF /* ViewController.swift */,
				64F3187B223F33C900C92225 /* MyTableView.swift */,
			);
			path = ViewController;
			sourceTree = "<group>";
		};
		64B3AD1E2238D69F002AE6CF /* Storyboard */ = {
			isa = PBXGroup;
			children = (
				64B3AD0F2238D66D002AE6CF /* Main.storyboard */,
				64B3AD142238D66F002AE6CF /* LaunchScreen.storyboard */,
			);
			path = Storyboard;
			sourceTree = "<group>";
		};
		64B3AD1F2238D6AC002AE6CF /* Material */ = {
			isa = PBXGroup;
			children = (
				64B3AD122238D66F002AE6CF /* Assets.xcassets */,
			);
			path = Material;
			sourceTree = "<group>";
		};
		64B3AD202238D6B8002AE6CF /* Setting */ = {
			isa = PBXGroup;
			children = (
				64B3AD172238D66F002AE6CF /* Info.plist */,
			);
			name = Setting;
			sourceTree = "<group>";
		};
/* End PBXGroup section */

/* Begin PBXNativeTarget section */
		64B3AD072238D66D002AE6CF /* TableViewHitTest */ = {
			isa = PBXNativeTarget;
			buildConfigurationList = 64B3AD1A2238D66F002AE6CF /* Build configuration list for PBXNativeTarget "TableViewHitTest" */;
			buildPhases = (
				64B3AD042238D66D002AE6CF /* Sources */,
				64B3AD052238D66D002AE6CF /* Frameworks */,
				64B3AD062238D66D002AE6CF /* Resources */,
			);
			buildRules = (
			);
			dependencies = (
			);
			name = TableViewHitTest;
			productName = OCard_TableView;
			productReference = 64B3AD082238D66D002AE6CF /* TableViewHitTest.app */;
			productType = "com.apple.product-type.application";
		};
/* End PBXNativeTarget section */

/* Begin PBXProject section */
		64B3AD002238D66D002AE6CF /* Project object */ = {
			isa = PBXProject;
			attributes = {
				LastSwiftUpdateCheck = 1010;
				LastUpgradeCheck = 1010;
				ORGANIZATIONNAME = "IIT-翁禹斌(William.Weng)";
				TargetAttributes = {
					64B3AD072238D66D002AE6CF = {
						CreatedOnToolsVersion = 10.1;
					};
				};
			};
			buildConfigurationList = 64B3AD032238D66D002AE6CF /* Build configuration list for PBXProject "TableViewHitTest" */;
			compatibilityVersion = "Xcode 9.3";
			developmentRegion = en;
			hasScannedForEncodings = 0;
			knownRegions = (
				en,
				Base,
			);
			mainGroup = 64B3ACFF2238D66D002AE6CF;
			productRefGroup = 64B3AD092238D66D002AE6CF /* Products */;
			projectDirPath = "";
			projectRoot = "";
			targets = (
				64B3AD072238D66D002AE6CF /* TableViewHitTest */,
			);
		};
/* End PBXProject section */

/* Begin PBXResourcesBuildPhase section */
		64B3AD062238D66D002AE6CF /* Resources */ = {
			isa = PBXResourcesBuildPhase;
			buildActionMask = 2147483647;
			files = (
				64B3AD162238D66F002AE6CF /* LaunchScreen.storyboard in Resources */,
				64B3AD132238D66F002AE6CF /* Assets.xcassets in Resources */,
				64B3AD112238D66D002AE6CF /* Main.storyboard in Resources */,
			);
			runOnlyForDeploymentPostprocessing = 0;
		};
/* End PBXResourcesBuildPhase section */

/* Begin PBXSourcesBuildPhase section */
		64B3AD042238D66D002AE6CF /* Sources */ = {
			isa = PBXSourcesBuildPhase;
			buildActionMask = 2147483647;
			files = (
				64F3187C223F33C900C92225 /* MyTableView.swift in Sources */,
				64B3AD0E2238D66D002AE6CF /* ViewController.swift in Sources */,
				64B3AD0C2238D66D002AE6CF /* AppDelegate.swift in Sources */,
			);
			runOnlyForDeploymentPostprocessing = 0;
		};
/* End PBXSourcesBuildPhase section */

/* Begin PBXVariantGroup section */
		64B3AD0F2238D66D002AE6CF /* Main.storyboard */ = {
			isa = PBXVariantGroup;
			children = (
				64B3AD102238D66D002AE6CF /* Base */,
			);
			name = Main.storyboard;
			sourceTree = "<group>";
		};
		64B3AD142238D66F002AE6CF /* LaunchScreen.storyboard */ = {
			isa = PBXVariantGroup;
			children = (
				64B3AD152238D66F002AE6CF /* Base */,
			);
			name = LaunchScreen.storyboard;
			sourceTree = "<group>";
		};
/* End PBXVariantGroup section */

/* Begin XCBuildConfiguration section */
		64B3AD182238D66F002AE6CF /* Debug */ = {
			isa = XCBuildConfiguration;
			buildSettings = {
				ALWAYS_SEARCH_USER_PATHS = NO;
				CLANG_ANALYZER_NONNULL = YES;
				CLANG_ANALYZER_NUMBER_OBJECT_CONVERSION = YES_AGGRESSIVE;
				CLANG_CXX_LANGUAGE_STANDARD = "gnu++14";
				CLANG_CXX_LIBRARY = "libc++";
				CLANG_ENABLE_MODULES = YES;
				CLANG_ENABLE_OBJC_ARC = YES;
				CLANG_ENABLE_OBJC_WEAK = YES;
				CLANG_WARN_BLOCK_CAPTURE_AUTORELEASING = YES;
				CLANG_WARN_BOOL_CONVERSION = YES;
				CLANG_WARN_COMMA = YES;
				CLANG_WARN_CONSTANT_CONVERSION = YES;
				CLANG_WARN_DEPRECATED_OBJC_IMPLEMENTATIONS = YES;
				CLANG_WARN_DIRECT_OBJC_ISA_USAGE = YES_ERROR;
				CLANG_WARN_DOCUMENTATION_COMMENTS = YES;
				CLANG_WARN_EMPTY_BODY = YES;
				CLANG_WARN_ENUM_CONVERSION = YES;
				CLANG_WARN_INFINITE_RECURSION = YES;
				CLANG_WARN_INT_CONVERSION = YES;
				CLANG_WARN_NON_LITERAL_NULL_CONVERSION = YES;
				CLANG_WARN_OBJC_IMPLICIT_RETAIN_SELF = YES;
				CLANG_WARN_OBJC_LITERAL_CONVERSION = YES;
				CLANG_WARN_OBJC_ROOT_CLASS = YES_ERROR;
				CLANG_WARN_RANGE_LOOP_ANALYSIS = YES;
				CLANG_WARN_STRICT_PROTOTYPES = YES;
				CLANG_WARN_SUSPICIOUS_MOVE = YES;
				CLANG_WARN_UNGUARDED_AVAILABILITY = YES_AGGRESSIVE;
				CLANG_WARN_UNREACHABLE_CODE = YES;
				CLANG_WARN__DUPLICATE_METHOD_MATCH = YES;
				CODE_SIGN_IDENTITY = "iPhone Developer";
				COPY_PHASE_STRIP = NO;
				DEBUG_INFORMATION_FORMAT = dwarf;
				ENABLE_STRICT_OBJC_MSGSEND = YES;
				ENABLE_TESTABILITY = YES;
				GCC_C_LANGUAGE_STANDARD = gnu11;
				GCC_DYNAMIC_NO_PIC = NO;
				GCC_NO_COMMON_BLOCKS = YES;
				GCC_OPTIMIZATION_LEVEL = 0;
				GCC_PREPROCESSOR_DEFINITIONS = (
					"DEBUG=1",
					"$(inherited)",
				);
				GCC_WARN_64_TO_32_BIT_CONVERSION = YES;
				GCC_WARN_ABOUT_RETURN_TYPE = YES_ERROR;
				GCC_WARN_UNDECLARED_SELECTOR = YES;
				GCC_WARN_UNINITIALIZED_AUTOS = YES_AGGRESSIVE;
				GCC_WARN_UNUSED_FUNCTION = YES;
				GCC_WARN_UNUSED_VARIABLE = YES;
				IPHONEOS_DEPLOYMENT_TARGET = 12.1;
				MTL_ENABLE_DEBUG_INFO = INCLUDE_SOURCE;
				MTL_FAST_MATH = YES;
				ONLY_ACTIVE_ARCH = YES;
				SDKROOT = iphoneos;
				SWIFT_ACTIVE_COMPILATION_CONDITIONS = DEBUG;
				SWIFT_OPTIMIZATION_LEVEL = "-Onone";
			};
			name = Debug;
		};
		64B3AD192238D66F002AE6CF /* Release */ = {
			isa = XCBuildConfiguration;
			buildSettings = {
				ALWAYS_SEARCH_USER_PATHS = NO;
				CLANG_ANALYZER_NONNULL = YES;
				CLANG_ANALYZER_NUMBER_OBJECT_CONVERSION = YES_AGGRESSIVE;
				CLANG_CXX_LANGUAGE_STANDARD = "gnu++14";
				CLANG_CXX_LIBRARY = "libc++";
				CLANG_ENABLE_MODULES = YES;
				CLANG_ENABLE_OBJC_ARC = YES;
				CLANG_ENABLE_OBJC_WEAK = YES;
				CLANG_WARN_BLOCK_CAPTURE_AUTORELEASING = YES;
				CLANG_WARN_BOOL_CONVERSION = YES;
				CLANG_WARN_COMMA = YES;
				CLANG_WARN_CONSTANT_CONVERSION = YES;
				CLANG_WARN_DEPRECATED_OBJC_IMPLEMENTATIONS = YES;
				CLANG_WARN_DIRECT_OBJC_ISA_USAGE = YES_ERROR;
				CLANG_WARN_DOCUMENTATION_COMMENTS = YES;
				CLANG_WARN_EMPTY_BODY = YES;
				CLANG_WARN_ENUM_CONVERSION = YES;
				CLANG_WARN_INFINITE_RECURSION = YES;
				CLANG_WARN_INT_CONVERSION = YES;
				CLANG_WARN_NON_LITERAL_NULL_CONVERSION = YES;
				CLANG_WARN_OBJC_IMPLICIT_RETAIN_SELF = YES;
				CLANG_WARN_OBJC_LITERAL_CONVERSION = YES;
				CLANG_WARN_OBJC_ROOT_CLASS = YES_ERROR;
				CLANG_WARN_RANGE_LOOP_ANALYSIS = YES;
				CLANG_WARN_STRICT_PROTOTYPES = YES;
				CLANG_WARN_SUSPICIOUS_MOVE = YES;
				CLANG_WARN_UNGUARDED_AVAILABILITY = YES_AGGRESSIVE;
				CLANG_WARN_UNREACHABLE_CODE = YES;
				CLANG_WARN__DUPLICATE_METHOD_MATCH = YES;
				CODE_SIGN_IDENTITY = "iPhone Developer";
				COPY_PHASE_STRIP = NO;
				DEBUG_INFORMATION_FORMAT = "dwarf-with-dsym";
				ENABLE_NS_ASSERTIONS = NO;
				ENABLE_STRICT_OBJC_MSGSEND = YES;
				GCC_C_LANGUAGE_STANDARD = gnu11;
				GCC_NO_COMMON_BLOCKS = YES;
				GCC_WARN_64_TO_32_BIT_CONVERSION = YES;
				GCC_WARN_ABOUT_RETURN_TYPE = YES_ERROR;
				GCC_WARN_UNDECLARED_SELECTOR = YES;
				GCC_WARN_UNINITIALIZED_AUTOS = YES_AGGRESSIVE;
				GCC_WARN_UNUSED_FUNCTION = YES;
				GCC_WARN_UNUSED_VARIABLE = YES;
				IPHONEOS_DEPLOYMENT_TARGET = 12.1;
				MTL_ENABLE_DEBUG_INFO = NO;
				MTL_FAST_MATH = YES;
				SDKROOT = iphoneos;
				SWIFT_COMPILATION_MODE = wholemodule;
				SWIFT_OPTIMIZATION_LEVEL = "-O";
				VALIDATE_PRODUCT = YES;
			};
			name = Release;
		};
		64B3AD1B2238D66F002AE6CF /* Debug */ = {
			isa = XCBuildConfiguration;
			buildSettings = {
				ASSETCATALOG_COMPILER_APPICON_NAME = AppIcon;
				CODE_SIGN_STYLE = Automatic;
				DEVELOPMENT_TEAM = GXE4438K84;
				INFOPLIST_FILE = "$(SRCROOT)/TableViewhitTest/Info.plist";
				IPHONEOS_DEPLOYMENT_TARGET = 10.0;
				LD_RUNPATH_SEARCH_PATHS = (
					"$(inherited)",
					"@executable_path/Frameworks",
				);
				PRODUCT_BUNDLE_IDENTIFIER = tw.idv.william.TableViewHitTest;
				PRODUCT_NAME = "$(TARGET_NAME)";
				SWIFT_VERSION = 4.2;
				TARGETED_DEVICE_FAMILY = "1,2";
			};
			name = Debug;
		};
		64B3AD1C2238D66F002AE6CF /* Release */ = {
			isa = XCBuildConfiguration;
			buildSettings = {
				ASSETCATALOG_COMPILER_APPICON_NAME = AppIcon;
				CODE_SIGN_STYLE = Automatic;
				DEVELOPMENT_TEAM = GXE4438K84;
				INFOPLIST_FILE = "$(SRCROOT)/TableViewhitTest/Info.plist";
				IPHONEOS_DEPLOYMENT_TARGET = 10.0;
				LD_RUNPATH_SEARCH_PATHS = (
					"$(inherited)",
					"@executable_path/Frameworks",
				);
				PRODUCT_BUNDLE_IDENTIFIER = tw.idv.william.TableViewHitTest;
				PRODUCT_NAME = "$(TARGET_NAME)";
				SWIFT_VERSION = 4.2;
				TARGETED_DEVICE_FAMILY = "1,2";
			};
			name = Release;
		};
/* End XCBuildConfiguration section */

/* Begin XCConfigurationList section */
		64B3AD032238D66D002AE6CF /* Build configuration list for PBXProject "TableViewHitTest" */ = {
			isa = XCConfigurationList;
			buildConfigurations = (
				64B3AD182238D66F002AE6CF /* Debug */,
				64B3AD192238D66F002AE6CF /* Release */,
			);
			defaultConfigurationIsVisible = 0;
			defaultConfigurationName = Release;
		};
		64B3AD1A2238D66F002AE6CF /* Build configuration list for PBXNativeTarget "TableViewHitTest" */ = {
			isa = XCConfigurationList;
			buildConfigurations = (
				64B3AD1B2238D66F002AE6CF /* Debug */,
				64B3AD1C2238D66F002AE6CF /* Release */,
			);
			defaultConfigurationIsVisible = 0;
			defaultConfigurationName = Release;
		};
/* End XCConfigurationList section */
	};
	rootObject = 64B3AD002238D66D002AE6CF /* Project object */;
}
