// !$*UTF8*$!
{
	archiveVersion = 1;
	classes = {
	};
	objectVersion = 50;
	objects = {

/* Begin PBXBuildFile section */
		64584FD1208B3EAE00F39489 /* AppDelegate.swift in Sources */ = {isa = PBXBuildFile; fileRef = 64584FD0208B3EAE00F39489 /* AppDelegate.swift */; };
		64584FD3208B3EAE00F39489 /* ViewController.swift in Sources */ = {isa = PBXBuildFile; fileRef = 64584FD2208B3EAE00F39489 /* ViewController.swift */; };
		64584FD6208B3EAE00F39489 /* Main.storyboard in Resources */ = {isa = PBXBuildFile; fileRef = 64584FD4208B3EAE00F39489 /* Main.storyboard */; };
		64584FD8208B3EB100F39489 /* Assets.xcassets in Resources */ = {isa = PBXBuildFile; fileRef = 64584FD7208B3EB100F39489 /* Assets.xcassets */; };
		64584FDB208B3EB100F39489 /* LaunchScreen.storyboard in Resources */ = {isa = PBXBuildFile; fileRef = 64584FD9208B3EB100F39489 /* LaunchScreen.storyboard */; };
		64584FE5208B3EC200F39489 /* WWBaseHUDViewController.swift in Sources */ = {isa = PBXBuildFile; fileRef = 64584FE2208B3EC200F39489 /* WWBaseHUDViewController.swift */; };
		64584FE6208B3EC200F39489 /* WWBaseHUD.swift in Sources */ = {isa = PBXBuildFile; fileRef = 64584FE3208B3EC200F39489 /* WWBaseHUD.swift */; };
		64584FE7208B3EC200F39489 /* WWBaseHUDViewController.xib in Resources */ = {isa = PBXBuildFile; fileRef = 64584FE4208B3EC200F39489 /* WWBaseHUDViewController.xib */; };
/* End PBXBuildFile section */

/* Begin PBXFileReference section */
		64584FCD208B3EAE00F39489 /* WWBaseHUD.app */ = {isa = PBXFileReference; explicitFileType = wrapper.application; includeInIndex = 0; path = WWBaseHUD.app; sourceTree = BUILT_PRODUCTS_DIR; };
		64584FD0208B3EAE00F39489 /* AppDelegate.swift */ = {isa = PBXFileReference; lastKnownFileType = sourcecode.swift; path = AppDelegate.swift; sourceTree = "<group>"; };
		64584FD2208B3EAE00F39489 /* ViewController.swift */ = {isa = PBXFileReference; lastKnownFileType = sourcecode.swift; path = ViewController.swift; sourceTree = "<group>"; };
		64584FD5208B3EAE00F39489 /* Base */ = {isa = PBXFileReference; lastKnownFileType = file.storyboard; name = Base; path = Base.lproj/Main.storyboard; sourceTree = "<group>"; };
		64584FD7208B3EB100F39489 /* Assets.xcassets */ = {isa = PBXFileReference; lastKnownFileType = folder.assetcatalog; path = Assets.xcassets; sourceTree = "<group>"; };
		64584FDA208B3EB100F39489 /* Base */ = {isa = PBXFileReference; lastKnownFileType = file.storyboard; name = Base; path = Base.lproj/LaunchScreen.storyboard; sourceTree = "<group>"; };
		64584FDC208B3EB100F39489 /* Info.plist */ = {isa = PBXFileReference; lastKnownFileType = text.plist.xml; path = Info.plist; sourceTree = "<group>"; };
		64584FE2208B3EC200F39489 /* WWBaseHUDViewController.swift */ = {isa = PBXFileReference; fileEncoding = 4; lastKnownFileType = sourcecode.swift; path = WWBaseHUDViewController.swift; sourceTree = "<group>"; };
		64584FE3208B3EC200F39489 /* WWBaseHUD.swift */ = {isa = PBXFileReference; fileEncoding = 4; lastKnownFileType = sourcecode.swift; path = WWBaseHUD.swift; sourceTree = "<group>"; };
		64584FE4208B3EC200F39489 /* WWBaseHUDViewController.xib */ = {isa = PBXFileReference; fileEncoding = 4; lastKnownFileType = file.xib; path = WWBaseHUDViewController.xib; sourceTree = "<group>"; };
/* End PBXFileReference section */

/* Begin PBXFrameworksBuildPhase section */
		64584FCA208B3EAE00F39489 /* Frameworks */ = {
			isa = PBXFrameworksBuildPhase;
			buildActionMask = 2147483647;
			files = (
			);
			runOnlyForDeploymentPostprocessing = 0;
		};
/* End PBXFrameworksBuildPhase section */

/* Begin PBXGroup section */
		64584FC4208B3EAE00F39489 = {
			isa = PBXGroup;
			children = (
				64584FCF208B3EAE00F39489 /* WWBaseHUD */,
				64584FCE208B3EAE00F39489 /* Products */,
			);
			sourceTree = "<group>";
		};
		64584FCE208B3EAE00F39489 /* Products */ = {
			isa = PBXGroup;
			children = (
				64584FCD208B3EAE00F39489 /* WWBaseHUD.app */,
			);
			name = Products;
			sourceTree = "<group>";
		};
		64584FCF208B3EAE00F39489 /* WWBaseHUD */ = {
			isa = PBXGroup;
			children = (
				64584FE8208B3ECC00F39489 /* WWBaseHUD */,
				64584FD0208B3EAE00F39489 /* AppDelegate.swift */,
				64584FD2208B3EAE00F39489 /* ViewController.swift */,
				64584FD4208B3EAE00F39489 /* Main.storyboard */,
				64584FD7208B3EB100F39489 /* Assets.xcassets */,
				64584FD9208B3EB100F39489 /* LaunchScreen.storyboard */,
				64584FDC208B3EB100F39489 /* Info.plist */,
			);
			path = WWBaseHUD;
			sourceTree = "<group>";
		};
		64584FE8208B3ECC00F39489 /* WWBaseHUD */ = {
			isa = PBXGroup;
			children = (
				64584FE3208B3EC200F39489 /* WWBaseHUD.swift */,
				64584FE2208B3EC200F39489 /* WWBaseHUDViewController.swift */,
				64584FE4208B3EC200F39489 /* WWBaseHUDViewController.xib */,
			);
			path = WWBaseHUD;
			sourceTree = "<group>";
		};
/* End PBXGroup section */

/* Begin PBXNativeTarget section */
		64584FCC208B3EAE00F39489 /* WWBaseHUD */ = {
			isa = PBXNativeTarget;
			buildConfigurationList = 64584FDF208B3EB100F39489 /* Build configuration list for PBXNativeTarget "WWBaseHUD" */;
			buildPhases = (
				64584FC9208B3EAE00F39489 /* Sources */,
				64584FCA208B3EAE00F39489 /* Frameworks */,
				64584FCB208B3EAE00F39489 /* Resources */,
			);
			buildRules = (
			);
			dependencies = (
			);
			name = WWBaseHUD;
			productName = WWBaseHUD;
			productReference = 64584FCD208B3EAE00F39489 /* WWBaseHUD.app */;
			productType = "com.apple.product-type.application";
		};
/* End PBXNativeTarget section */

/* Begin PBXProject section */
		64584FC5208B3EAE00F39489 /* Project object */ = {
			isa = PBXProject;
			attributes = {
				LastSwiftUpdateCheck = 0930;
				LastUpgradeCheck = 0930;
				ORGANIZATIONNAME = "William-Weng";
				TargetAttributes = {
					64584FCC208B3EAE00F39489 = {
						CreatedOnToolsVersion = 9.3;
					};
				};
			};
			buildConfigurationList = 64584FC8208B3EAE00F39489 /* Build configuration list for PBXProject "WWBaseHUD" */;
			compatibilityVersion = "Xcode 9.3";
			developmentRegion = en;
			hasScannedForEncodings = 0;
			knownRegions = (
				en,
				Base,
			);
			mainGroup = 64584FC4208B3EAE00F39489;
			productRefGroup = 64584FCE208B3EAE00F39489 /* Products */;
			projectDirPath = "";
			projectRoot = "";
			targets = (
				64584FCC208B3EAE00F39489 /* WWBaseHUD */,
			);
		};
/* End PBXProject section */

/* Begin PBXResourcesBuildPhase section */
		64584FCB208B3EAE00F39489 /* Resources */ = {
			isa = PBXResourcesBuildPhase;
			buildActionMask = 2147483647;
			files = (
				64584FDB208B3EB100F39489 /* LaunchScreen.storyboard in Resources */,
				64584FE7208B3EC200F39489 /* WWBaseHUDViewController.xib in Resources */,
				64584FD8208B3EB100F39489 /* Assets.xcassets in Resources */,
				64584FD6208B3EAE00F39489 /* Main.storyboard in Resources */,
			);
			runOnlyForDeploymentPostprocessing = 0;
		};
/* End PBXResourcesBuildPhase section */

/* Begin PBXSourcesBuildPhase section */
		64584FC9208B3EAE00F39489 /* Sources */ = {
			isa = PBXSourcesBuildPhase;
			buildActionMask = 2147483647;
			files = (
				64584FE6208B3EC200F39489 /* WWBaseHUD.swift in Sources */,
				64584FD3208B3EAE00F39489 /* ViewController.swift in Sources */,
				64584FE5208B3EC200F39489 /* WWBaseHUDViewController.swift in Sources */,
				64584FD1208B3EAE00F39489 /* AppDelegate.swift in Sources */,
			);
			runOnlyForDeploymentPostprocessing = 0;
		};
/* End PBXSourcesBuildPhase section */

/* Begin PBXVariantGroup section */
		64584FD4208B3EAE00F39489 /* Main.storyboard */ = {
			isa = PBXVariantGroup;
			children = (
				64584FD5208B3EAE00F39489 /* Base */,
			);
			name = Main.storyboard;
			sourceTree = "<group>";
		};
		64584FD9208B3EB100F39489 /* LaunchScreen.storyboard */ = {
			isa = PBXVariantGroup;
			children = (
				64584FDA208B3EB100F39489 /* Base */,
			);
			name = LaunchScreen.storyboard;
			sourceTree = "<group>";
		};
/* End PBXVariantGroup section */

/* Begin XCBuildConfiguration section */
		64584FDD208B3EB100F39489 /* Debug */ = {
			isa = XCBuildConfiguration;
			buildSettings = {
				ALWAYS_SEARCH_USER_PATHS = NO;
				CLANG_ANALYZER_NONNULL = YES;
				CLANG_ANALYZER_NUMBER_OBJECT_CONVERSION = YES_AGGRESSIVE;
				CLANG_CXX_LANGUAGE_STANDARD = "gnu++14";
				CLANG_CXX_LIBRARY = "libc++";
				CLANG_ENABLE_MODULES = YES;
				CLANG_ENABLE_OBJC_ARC = YES;
				CLANG_ENABLE_OBJC_WEAK = YES;
				CLANG_WARN_BLOCK_CAPTURE_AUTORELEASING = YES;
				CLANG_WARN_BOOL_CONVERSION = YES;
				CLANG_WARN_COMMA = YES;
				CLANG_WARN_CONSTANT_CONVERSION = YES;
				CLANG_WARN_DEPRECATED_OBJC_IMPLEMENTATIONS = YES;
				CLANG_WARN_DIRECT_OBJC_ISA_USAGE = YES_ERROR;
				CLANG_WARN_DOCUMENTATION_COMMENTS = YES;
				CLANG_WARN_EMPTY_BODY = YES;
				CLANG_WARN_ENUM_CONVERSION = YES;
				CLANG_WARN_INFINITE_RECURSION = YES;
				CLANG_WARN_INT_CONVERSION = YES;
				CLANG_WARN_NON_LITERAL_NULL_CONVERSION = YES;
				CLANG_WARN_OBJC_IMPLICIT_RETAIN_SELF = YES;
				CLANG_WARN_OBJC_LITERAL_CONVERSION = YES;
				CLANG_WARN_OBJC_ROOT_CLASS = YES_ERROR;
				CLANG_WARN_RANGE_LOOP_ANALYSIS = YES;
				CLANG_WARN_STRICT_PROTOTYPES = YES;
				CLANG_WARN_SUSPICIOUS_MOVE = YES;
				CLANG_WARN_UNGUARDED_AVAILABILITY = YES_AGGRESSIVE;
				CLANG_WARN_UNREACHABLE_CODE = YES;
				CLANG_WARN__DUPLICATE_METHOD_MATCH = YES;
				CODE_SIGN_IDENTITY = "iPhone Developer";
				COPY_PHASE_STRIP = NO;
				DEBUG_INFORMATION_FORMAT = dwarf;
				ENABLE_STRICT_OBJC_MSGSEND = YES;
				ENABLE_TESTABILITY = YES;
				GCC_C_LANGUAGE_STANDARD = gnu11;
				GCC_DYNAMIC_NO_PIC = NO;
				GCC_NO_COMMON_BLOCKS = YES;
				GCC_OPTIMIZATION_LEVEL = 0;
				GCC_PREPROCESSOR_DEFINITIONS = (
					"DEBUG=1",
					"$(inherited)",
				);
				GCC_WARN_64_TO_32_BIT_CONVERSION = YES;
				GCC_WARN_ABOUT_RETURN_TYPE = YES_ERROR;
				GCC_WARN_UNDECLARED_SELECTOR = YES;
				GCC_WARN_UNINITIALIZED_AUTOS = YES_AGGRESSIVE;
				GCC_WARN_UNUSED_FUNCTION = YES;
				GCC_WARN_UNUSED_VARIABLE = YES;
				IPHONEOS_DEPLOYMENT_TARGET = 11.3;
				MTL_ENABLE_DEBUG_INFO = YES;
				ONLY_ACTIVE_ARCH = YES;
				SDKROOT = iphoneos;
				SWIFT_ACTIVE_COMPILATION_CONDITIONS = DEBUG;
				SWIFT_OPTIMIZATION_LEVEL = "-Onone";
			};
			name = Debug;
		};
		64584FDE208B3EB100F39489 /* Release */ = {
			isa = XCBuildConfiguration;
			buildSettings = {
				ALWAYS_SEARCH_USER_PATHS = NO;
				CLANG_ANALYZER_NONNULL = YES;
				CLANG_ANALYZER_NUMBER_OBJECT_CONVERSION = YES_AGGRESSIVE;
				CLANG_CXX_LANGUAGE_STANDARD = "gnu++14";
				CLANG_CXX_LIBRARY = "libc++";
				CLANG_ENABLE_MODULES = YES;
				CLANG_ENABLE_OBJC_ARC = YES;
				CLANG_ENABLE_OBJC_WEAK = YES;
				CLANG_WARN_BLOCK_CAPTURE_AUTORELEASING = YES;
				CLANG_WARN_BOOL_CONVERSION = YES;
				CLANG_WARN_COMMA = YES;
				CLANG_WARN_CONSTANT_CONVERSION = YES;
				CLANG_WARN_DEPRECATED_OBJC_IMPLEMENTATIONS = YES;
				CLANG_WARN_DIRECT_OBJC_ISA_USAGE = YES_ERROR;
				CLANG_WARN_DOCUMENTATION_COMMENTS = YES;
				CLANG_WARN_EMPTY_BODY = YES;
				CLANG_WARN_ENUM_CONVERSION = YES;
				CLANG_WARN_INFINITE_RECURSION = YES;
				CLANG_WARN_INT_CONVERSION = YES;
				CLANG_WARN_NON_LITERAL_NULL_CONVERSION = YES;
				CLANG_WARN_OBJC_IMPLICIT_RETAIN_SELF = YES;
				CLANG_WARN_OBJC_LITERAL_CONVERSION = YES;
				CLANG_WARN_OBJC_ROOT_CLASS = YES_ERROR;
				CLANG_WARN_RANGE_LOOP_ANALYSIS = YES;
				CLANG_WARN_STRICT_PROTOTYPES = YES;
				CLANG_WARN_SUSPICIOUS_MOVE = YES;
				CLANG_WARN_UNGUARDED_AVAILABILITY = YES_AGGRESSIVE;
				CLANG_WARN_UNREACHABLE_CODE = YES;
				CLANG_WARN__DUPLICATE_METHOD_MATCH = YES;
				CODE_SIGN_IDENTITY = "iPhone Developer";
				COPY_PHASE_STRIP = NO;
				DEBUG_INFORMATION_FORMAT = "dwarf-with-dsym";
				ENABLE_NS_ASSERTIONS = NO;
				ENABLE_STRICT_OBJC_MSGSEND = YES;
				GCC_C_LANGUAGE_STANDARD = gnu11;
				GCC_NO_COMMON_BLOCKS = YES;
				GCC_WARN_64_TO_32_BIT_CONVERSION = YES;
				GCC_WARN_ABOUT_RETURN_TYPE = YES_ERROR;
				GCC_WARN_UNDECLARED_SELECTOR = YES;
				GCC_WARN_UNINITIALIZED_AUTOS = YES_AGGRESSIVE;
				GCC_WARN_UNUSED_FUNCTION = YES;
				GCC_WARN_UNUSED_VARIABLE = YES;
				IPHONEOS_DEPLOYMENT_TARGET = 11.3;
				MTL_ENABLE_DEBUG_INFO = NO;
				SDKROOT = iphoneos;
				SWIFT_COMPILATION_MODE = wholemodule;
				SWIFT_OPTIMIZATION_LEVEL = "-O";
				VALIDATE_PRODUCT = YES;
			};
			name = Release;
		};
		64584FE0208B3EB100F39489 /* Debug */ = {
			isa = XCBuildConfiguration;
			buildSettings = {
				ASSETCATALOG_COMPILER_APPICON_NAME = AppIcon;
				CODE_SIGN_STYLE = Automatic;
				DEVELOPMENT_TEAM = GXE4438K84;
				INFOPLIST_FILE = WWBaseHUD/Info.plist;
				LD_RUNPATH_SEARCH_PATHS = (
					"$(inherited)",
					"@executable_path/Frameworks",
				);
				PRODUCT_BUNDLE_IDENTIFIER = tw.blogspot.linuxice0609.WWBaseHUD;
				PRODUCT_NAME = "$(TARGET_NAME)";
				SWIFT_VERSION = 4.0;
				TARGETED_DEVICE_FAMILY = "1,2";
			};
			name = Debug;
		};
		64584FE1208B3EB100F39489 /* Release */ = {
			isa = XCBuildConfiguration;
			buildSettings = {
				ASSETCATALOG_COMPILER_APPICON_NAME = AppIcon;
				CODE_SIGN_STYLE = Automatic;
				DEVELOPMENT_TEAM = GXE4438K84;
				INFOPLIST_FILE = WWBaseHUD/Info.plist;
				LD_RUNPATH_SEARCH_PATHS = (
					"$(inherited)",
					"@executable_path/Frameworks",
				);
				PRODUCT_BUNDLE_IDENTIFIER = tw.blogspot.linuxice0609.WWBaseHUD;
				PRODUCT_NAME = "$(TARGET_NAME)";
				SWIFT_VERSION = 4.0;
				TARGETED_DEVICE_FAMILY = "1,2";
			};
			name = Release;
		};
/* End XCBuildConfiguration section */

/* Begin XCConfigurationList section */
		64584FC8208B3EAE00F39489 /* Build configuration list for PBXProject "WWBaseHUD" */ = {
			isa = XCConfigurationList;
			buildConfigurations = (
				64584FDD208B3EB100F39489 /* Debug */,
				64584FDE208B3EB100F39489 /* Release */,
			);
			defaultConfigurationIsVisible = 0;
			defaultConfigurationName = Release;
		};
		64584FDF208B3EB100F39489 /* Build configuration list for PBXNativeTarget "WWBaseHUD" */ = {
			isa = XCConfigurationList;
			buildConfigurations = (
				64584FE0208B3EB100F39489 /* Debug */,
				64584FE1208B3EB100F39489 /* Release */,
			);
			defaultConfigurationIsVisible = 0;
			defaultConfigurationName = Release;
		};
/* End XCConfigurationList section */
	};
	rootObject = 64584FC5208B3EAE00F39489 /* Project object */;
}
