// !$*UTF8*$!
{
	archiveVersion = 1;
	classes = {
	};
	objectVersion = 48;
	objects = {

/* Begin PBXBuildFile section */
		642F4CCB20D211AE0069D9DF /* AppDelegate.swift in Sources */ = {isa = PBXBuildFile; fileRef = 642F4CCA20D211AE0069D9DF /* AppDelegate.swift */; };
		642F4CCD20D211AE0069D9DF /* ViewController.swift in Sources */ = {isa = PBXBuildFile; fileRef = 642F4CCC20D211AE0069D9DF /* ViewController.swift */; };
		642F4CD020D211AE0069D9DF /* Main.storyboard in Resources */ = {isa = PBXBuildFile; fileRef = 642F4CCE20D211AE0069D9DF /* Main.storyboard */; };
		642F4CD220D211AE0069D9DF /* Assets.xcassets in Resources */ = {isa = PBXBuildFile; fileRef = 642F4CD120D211AE0069D9DF /* Assets.xcassets */; };
		642F4CD520D211AE0069D9DF /* LaunchScreen.storyboard in Resources */ = {isa = PBXBuildFile; fileRef = 642F4CD320D211AE0069D9DF /* LaunchScreen.storyboard */; };
		642F4CDD20D212240069D9DF /* wwPrint.swift in Sources */ = {isa = PBXBuildFile; fileRef = 642F4CDC20D212240069D9DF /* wwPrint.swift */; };
/* End PBXBuildFile section */

/* Begin PBXFileReference section */
		642F4CC720D211AE0069D9DF /* wwPrint.app */ = {isa = PBXFileReference; explicitFileType = wrapper.application; includeInIndex = 0; path = wwPrint.app; sourceTree = BUILT_PRODUCTS_DIR; };
		642F4CCA20D211AE0069D9DF /* AppDelegate.swift */ = {isa = PBXFileReference; lastKnownFileType = sourcecode.swift; path = AppDelegate.swift; sourceTree = "<group>"; };
		642F4CCC20D211AE0069D9DF /* ViewController.swift */ = {isa = PBXFileReference; lastKnownFileType = sourcecode.swift; path = ViewController.swift; sourceTree = "<group>"; };
		642F4CCF20D211AE0069D9DF /* Base */ = {isa = PBXFileReference; lastKnownFileType = file.storyboard; name = Base; path = Base.lproj/Main.storyboard; sourceTree = "<group>"; };
		642F4CD120D211AE0069D9DF /* Assets.xcassets */ = {isa = PBXFileReference; lastKnownFileType = folder.assetcatalog; path = Assets.xcassets; sourceTree = "<group>"; };
		642F4CD420D211AE0069D9DF /* Base */ = {isa = PBXFileReference; lastKnownFileType = file.storyboard; name = Base; path = Base.lproj/LaunchScreen.storyboard; sourceTree = "<group>"; };
		642F4CD620D211AE0069D9DF /* Info.plist */ = {isa = PBXFileReference; lastKnownFileType = text.plist.xml; path = Info.plist; sourceTree = "<group>"; };
		642F4CDC20D212240069D9DF /* wwPrint.swift */ = {isa = PBXFileReference; lastKnownFileType = sourcecode.swift; path = wwPrint.swift; sourceTree = "<group>"; };
/* End PBXFileReference section */

/* Begin PBXFrameworksBuildPhase section */
		642F4CC420D211AE0069D9DF /* Frameworks */ = {
			isa = PBXFrameworksBuildPhase;
			buildActionMask = 2147483647;
			files = (
			);
			runOnlyForDeploymentPostprocessing = 0;
		};
/* End PBXFrameworksBuildPhase section */

/* Begin PBXGroup section */
		642F4CBE20D211AE0069D9DF = {
			isa = PBXGroup;
			children = (
				642F4CC920D211AE0069D9DF /* wwPrint */,
				642F4CC820D211AE0069D9DF /* Products */,
			);
			sourceTree = "<group>";
		};
		642F4CC820D211AE0069D9DF /* Products */ = {
			isa = PBXGroup;
			children = (
				642F4CC720D211AE0069D9DF /* wwPrint.app */,
			);
			name = Products;
			sourceTree = "<group>";
		};
		642F4CC920D211AE0069D9DF /* wwPrint */ = {
			isa = PBXGroup;
			children = (
				642F4CCA20D211AE0069D9DF /* AppDelegate.swift */,
				642F4CDC20D212240069D9DF /* wwPrint.swift */,
				642F4CCC20D211AE0069D9DF /* ViewController.swift */,
				642F4CCE20D211AE0069D9DF /* Main.storyboard */,
				642F4CD120D211AE0069D9DF /* Assets.xcassets */,
				642F4CD320D211AE0069D9DF /* LaunchScreen.storyboard */,
				642F4CD620D211AE0069D9DF /* Info.plist */,
			);
			path = wwPrint;
			sourceTree = "<group>";
		};
/* End PBXGroup section */

/* Begin PBXNativeTarget section */
		642F4CC620D211AE0069D9DF /* wwPrint */ = {
			isa = PBXNativeTarget;
			buildConfigurationList = 642F4CD920D211AE0069D9DF /* Build configuration list for PBXNativeTarget "wwPrint" */;
			buildPhases = (
				642F4CC320D211AE0069D9DF /* Sources */,
				642F4CC420D211AE0069D9DF /* Frameworks */,
				642F4CC520D211AE0069D9DF /* Resources */,
			);
			buildRules = (
			);
			dependencies = (
			);
			name = wwPrint;
			productName = wwPrint;
			productReference = 642F4CC720D211AE0069D9DF /* wwPrint.app */;
			productType = "com.apple.product-type.application";
		};
/* End PBXNativeTarget section */

/* Begin PBXProject section */
		642F4CBF20D211AE0069D9DF /* Project object */ = {
			isa = PBXProject;
			attributes = {
				LastSwiftUpdateCheck = 0920;
				LastUpgradeCheck = 0920;
				ORGANIZATIONNAME = "IIT-翁禹斌(William.Weng)";
				TargetAttributes = {
					642F4CC620D211AE0069D9DF = {
						CreatedOnToolsVersion = 9.2;
						ProvisioningStyle = Automatic;
					};
				};
			};
			buildConfigurationList = 642F4CC220D211AE0069D9DF /* Build configuration list for PBXProject "wwPrint" */;
			compatibilityVersion = "Xcode 8.0";
			developmentRegion = en;
			hasScannedForEncodings = 0;
			knownRegions = (
				en,
				Base,
			);
			mainGroup = 642F4CBE20D211AE0069D9DF;
			productRefGroup = 642F4CC820D211AE0069D9DF /* Products */;
			projectDirPath = "";
			projectRoot = "";
			targets = (
				642F4CC620D211AE0069D9DF /* wwPrint */,
			);
		};
/* End PBXProject section */

/* Begin PBXResourcesBuildPhase section */
		642F4CC520D211AE0069D9DF /* Resources */ = {
			isa = PBXResourcesBuildPhase;
			buildActionMask = 2147483647;
			files = (
				642F4CD520D211AE0069D9DF /* LaunchScreen.storyboard in Resources */,
				642F4CD220D211AE0069D9DF /* Assets.xcassets in Resources */,
				642F4CD020D211AE0069D9DF /* Main.storyboard in Resources */,
			);
			runOnlyForDeploymentPostprocessing = 0;
		};
/* End PBXResourcesBuildPhase section */

/* Begin PBXSourcesBuildPhase section */
		642F4CC320D211AE0069D9DF /* Sources */ = {
			isa = PBXSourcesBuildPhase;
			buildActionMask = 2147483647;
			files = (
				642F4CCD20D211AE0069D9DF /* ViewController.swift in Sources */,
				642F4CCB20D211AE0069D9DF /* AppDelegate.swift in Sources */,
				642F4CDD20D212240069D9DF /* wwPrint.swift in Sources */,
			);
			runOnlyForDeploymentPostprocessing = 0;
		};
/* End PBXSourcesBuildPhase section */

/* Begin PBXVariantGroup section */
		642F4CCE20D211AE0069D9DF /* Main.storyboard */ = {
			isa = PBXVariantGroup;
			children = (
				642F4CCF20D211AE0069D9DF /* Base */,
			);
			name = Main.storyboard;
			sourceTree = "<group>";
		};
		642F4CD320D211AE0069D9DF /* LaunchScreen.storyboard */ = {
			isa = PBXVariantGroup;
			children = (
				642F4CD420D211AE0069D9DF /* Base */,
			);
			name = LaunchScreen.storyboard;
			sourceTree = "<group>";
		};
/* End PBXVariantGroup section */

/* Begin XCBuildConfiguration section */
		642F4CD720D211AE0069D9DF /* Debug */ = {
			isa = XCBuildConfiguration;
			buildSettings = {
				ALWAYS_SEARCH_USER_PATHS = NO;
				CLANG_ANALYZER_NONNULL = YES;
				CLANG_ANALYZER_NUMBER_OBJECT_CONVERSION = YES_AGGRESSIVE;
				CLANG_CXX_LANGUAGE_STANDARD = "gnu++14";
				CLANG_CXX_LIBRARY = "libc++";
				CLANG_ENABLE_MODULES = YES;
				CLANG_ENABLE_OBJC_ARC = YES;
				CLANG_WARN_BLOCK_CAPTURE_AUTORELEASING = YES;
				CLANG_WARN_BOOL_CONVERSION = YES;
				CLANG_WARN_COMMA = YES;
				CLANG_WARN_CONSTANT_CONVERSION = YES;
				CLANG_WARN_DIRECT_OBJC_ISA_USAGE = YES_ERROR;
				CLANG_WARN_DOCUMENTATION_COMMENTS = YES;
				CLANG_WARN_EMPTY_BODY = YES;
				CLANG_WARN_ENUM_CONVERSION = YES;
				CLANG_WARN_INFINITE_RECURSION = YES;
				CLANG_WARN_INT_CONVERSION = YES;
				CLANG_WARN_NON_LITERAL_NULL_CONVERSION = YES;
				CLANG_WARN_OBJC_LITERAL_CONVERSION = YES;
				CLANG_WARN_OBJC_ROOT_CLASS = YES_ERROR;
				CLANG_WARN_RANGE_LOOP_ANALYSIS = YES;
				CLANG_WARN_STRICT_PROTOTYPES = YES;
				CLANG_WARN_SUSPICIOUS_MOVE = YES;
				CLANG_WARN_UNGUARDED_AVAILABILITY = YES_AGGRESSIVE;
				CLANG_WARN_UNREACHABLE_CODE = YES;
				CLANG_WARN__DUPLICATE_METHOD_MATCH = YES;
				CODE_SIGN_IDENTITY = "iPhone Developer";
				COPY_PHASE_STRIP = NO;
				DEBUG_INFORMATION_FORMAT = dwarf;
				ENABLE_STRICT_OBJC_MSGSEND = YES;
				ENABLE_TESTABILITY = YES;
				GCC_C_LANGUAGE_STANDARD = gnu11;
				GCC_DYNAMIC_NO_PIC = NO;
				GCC_NO_COMMON_BLOCKS = YES;
				GCC_OPTIMIZATION_LEVEL = 0;
				GCC_PREPROCESSOR_DEFINITIONS = (
					"DEBUG=1",
					"$(inherited)",
				);
				GCC_WARN_64_TO_32_BIT_CONVERSION = YES;
				GCC_WARN_ABOUT_RETURN_TYPE = YES_ERROR;
				GCC_WARN_UNDECLARED_SELECTOR = YES;
				GCC_WARN_UNINITIALIZED_AUTOS = YES_AGGRESSIVE;
				GCC_WARN_UNUSED_FUNCTION = YES;
				GCC_WARN_UNUSED_VARIABLE = YES;
				IPHONEOS_DEPLOYMENT_TARGET = 11.2;
				MTL_ENABLE_DEBUG_INFO = YES;
				ONLY_ACTIVE_ARCH = YES;
				SDKROOT = iphoneos;
				SWIFT_ACTIVE_COMPILATION_CONDITIONS = DEBUG;
				SWIFT_OPTIMIZATION_LEVEL = "-Onone";
			};
			name = Debug;
		};
		642F4CD820D211AE0069D9DF /* Release */ = {
			isa = XCBuildConfiguration;
			buildSettings = {
				ALWAYS_SEARCH_USER_PATHS = NO;
				CLANG_ANALYZER_NONNULL = YES;
				CLANG_ANALYZER_NUMBER_OBJECT_CONVERSION = YES_AGGRESSIVE;
				CLANG_CXX_LANGUAGE_STANDARD = "gnu++14";
				CLANG_CXX_LIBRARY = "libc++";
				CLANG_ENABLE_MODULES = YES;
				CLANG_ENABLE_OBJC_ARC = YES;
				CLANG_WARN_BLOCK_CAPTURE_AUTORELEASING = YES;
				CLANG_WARN_BOOL_CONVERSION = YES;
				CLANG_WARN_COMMA = YES;
				CLANG_WARN_CONSTANT_CONVERSION = YES;
				CLANG_WARN_DIRECT_OBJC_ISA_USAGE = YES_ERROR;
				CLANG_WARN_DOCUMENTATION_COMMENTS = YES;
				CLANG_WARN_EMPTY_BODY = YES;
				CLANG_WARN_ENUM_CONVERSION = YES;
				CLANG_WARN_INFINITE_RECURSION = YES;
				CLANG_WARN_INT_CONVERSION = YES;
				CLANG_WARN_NON_LITERAL_NULL_CONVERSION = YES;
				CLANG_WARN_OBJC_LITERAL_CONVERSION = YES;
				CLANG_WARN_OBJC_ROOT_CLASS = YES_ERROR;
				CLANG_WARN_RANGE_LOOP_ANALYSIS = YES;
				CLANG_WARN_STRICT_PROTOTYPES = YES;
				CLANG_WARN_SUSPICIOUS_MOVE = YES;
				CLANG_WARN_UNGUARDED_AVAILABILITY = YES_AGGRESSIVE;
				CLANG_WARN_UNREACHABLE_CODE = YES;
				CLANG_WARN__DUPLICATE_METHOD_MATCH = YES;
				CODE_SIGN_IDENTITY = "iPhone Developer";
				COPY_PHASE_STRIP = NO;
				DEBUG_INFORMATION_FORMAT = "dwarf-with-dsym";
				ENABLE_NS_ASSERTIONS = NO;
				ENABLE_STRICT_OBJC_MSGSEND = YES;
				GCC_C_LANGUAGE_STANDARD = gnu11;
				GCC_NO_COMMON_BLOCKS = YES;
				GCC_WARN_64_TO_32_BIT_CONVERSION = YES;
				GCC_WARN_ABOUT_RETURN_TYPE = YES_ERROR;
				GCC_WARN_UNDECLARED_SELECTOR = YES;
				GCC_WARN_UNINITIALIZED_AUTOS = YES_AGGRESSIVE;
				GCC_WARN_UNUSED_FUNCTION = YES;
				GCC_WARN_UNUSED_VARIABLE = YES;
				IPHONEOS_DEPLOYMENT_TARGET = 11.2;
				MTL_ENABLE_DEBUG_INFO = NO;
				SDKROOT = iphoneos;
				SWIFT_OPTIMIZATION_LEVEL = "-Owholemodule";
				VALIDATE_PRODUCT = YES;
			};
			name = Release;
		};
		642F4CDA20D211AE0069D9DF /* Debug */ = {
			isa = XCBuildConfiguration;
			buildSettings = {
				ASSETCATALOG_COMPILER_APPICON_NAME = AppIcon;
				CODE_SIGN_STYLE = Automatic;
				DEVELOPMENT_TEAM = GXE4438K84;
				INFOPLIST_FILE = wwPrint/Info.plist;
				LD_RUNPATH_SEARCH_PATHS = "$(inherited) @executable_path/Frameworks";
				PRODUCT_BUNDLE_IDENTIFIER = tw.idv.william.wwPrint;
				PRODUCT_NAME = "$(TARGET_NAME)";
				SWIFT_VERSION = 4.0;
				TARGETED_DEVICE_FAMILY = "1,2";
			};
			name = Debug;
		};
		642F4CDB20D211AE0069D9DF /* Release */ = {
			isa = XCBuildConfiguration;
			buildSettings = {
				ASSETCATALOG_COMPILER_APPICON_NAME = AppIcon;
				CODE_SIGN_STYLE = Automatic;
				DEVELOPMENT_TEAM = GXE4438K84;
				INFOPLIST_FILE = wwPrint/Info.plist;
				LD_RUNPATH_SEARCH_PATHS = "$(inherited) @executable_path/Frameworks";
				PRODUCT_BUNDLE_IDENTIFIER = tw.idv.william.wwPrint;
				PRODUCT_NAME = "$(TARGET_NAME)";
				SWIFT_VERSION = 4.0;
				TARGETED_DEVICE_FAMILY = "1,2";
			};
			name = Release;
		};
/* End XCBuildConfiguration section */

/* Begin XCConfigurationList section */
		642F4CC220D211AE0069D9DF /* Build configuration list for PBXProject "wwPrint" */ = {
			isa = XCConfigurationList;
			buildConfigurations = (
				642F4CD720D211AE0069D9DF /* Debug */,
				642F4CD820D211AE0069D9DF /* Release */,
			);
			defaultConfigurationIsVisible = 0;
			defaultConfigurationName = Release;
		};
		642F4CD920D211AE0069D9DF /* Build configuration list for PBXNativeTarget "wwPrint" */ = {
			isa = XCConfigurationList;
			buildConfigurations = (
				642F4CDA20D211AE0069D9DF /* Debug */,
				642F4CDB20D211AE0069D9DF /* Release */,
			);
			defaultConfigurationIsVisible = 0;
			defaultConfigurationName = Release;
		};
/* End XCConfigurationList section */
	};
	rootObject = 642F4CBF20D211AE0069D9DF /* Project object */;
}
