// !$*UTF8*$!
{
	archiveVersion = 1;
	classes = {
	};
	objectVersion = 50;
	objects = {

/* Begin PBXBuildFile section */
		64A9977320A6DBB900FF2FFB /* AppDelegate.swift in Sources */ = {isa = PBXBuildFile; fileRef = 64A9977220A6DBB900FF2FFB /* AppDelegate.swift */; };
		64A9977520A6DBB900FF2FFB /* ViewController.swift in Sources */ = {isa = PBXBuildFile; fileRef = 64A9977420A6DBB900FF2FFB /* ViewController.swift */; };
		64A9977820A6DBB900FF2FFB /* Main.storyboard in Resources */ = {isa = PBXBuildFile; fileRef = 64A9977620A6DBB900FF2FFB /* Main.storyboard */; };
		64A9977A20A6DBBA00FF2FFB /* Assets.xcassets in Resources */ = {isa = PBXBuildFile; fileRef = 64A9977920A6DBBA00FF2FFB /* Assets.xcassets */; };
		64A9977D20A6DBBA00FF2FFB /* LaunchScreen.storyboard in Resources */ = {isa = PBXBuildFile; fileRef = 64A9977B20A6DBBA00FF2FFB /* LaunchScreen.storyboard */; };
		64A9978520A6DDF200FF2FFB /* WWEmojiLabel.swift in Sources */ = {isa = PBXBuildFile; fileRef = 64A9978420A6DDF200FF2FFB /* WWEmojiLabel.swift */; };
/* End PBXBuildFile section */

/* Begin PBXFileReference section */
		64A9976F20A6DBB900FF2FFB /* Unicode_Emoji.app */ = {isa = PBXFileReference; explicitFileType = wrapper.application; includeInIndex = 0; path = Unicode_Emoji.app; sourceTree = BUILT_PRODUCTS_DIR; };
		64A9977220A6DBB900FF2FFB /* AppDelegate.swift */ = {isa = PBXFileReference; lastKnownFileType = sourcecode.swift; path = AppDelegate.swift; sourceTree = "<group>"; };
		64A9977420A6DBB900FF2FFB /* ViewController.swift */ = {isa = PBXFileReference; lastKnownFileType = sourcecode.swift; path = ViewController.swift; sourceTree = "<group>"; };
		64A9977720A6DBB900FF2FFB /* Base */ = {isa = PBXFileReference; lastKnownFileType = file.storyboard; name = Base; path = Base.lproj/Main.storyboard; sourceTree = "<group>"; };
		64A9977920A6DBBA00FF2FFB /* Assets.xcassets */ = {isa = PBXFileReference; lastKnownFileType = folder.assetcatalog; path = Assets.xcassets; sourceTree = "<group>"; };
		64A9977C20A6DBBA00FF2FFB /* Base */ = {isa = PBXFileReference; lastKnownFileType = file.storyboard; name = Base; path = Base.lproj/LaunchScreen.storyboard; sourceTree = "<group>"; };
		64A9977E20A6DBBA00FF2FFB /* Info.plist */ = {isa = PBXFileReference; lastKnownFileType = text.plist.xml; path = Info.plist; sourceTree = "<group>"; };
		64A9978420A6DDF200FF2FFB /* WWEmojiLabel.swift */ = {isa = PBXFileReference; lastKnownFileType = sourcecode.swift; path = WWEmojiLabel.swift; sourceTree = "<group>"; };
/* End PBXFileReference section */

/* Begin PBXFrameworksBuildPhase section */
		64A9976C20A6DBB900FF2FFB /* Frameworks */ = {
			isa = PBXFrameworksBuildPhase;
			buildActionMask = 2147483647;
			files = (
			);
			runOnlyForDeploymentPostprocessing = 0;
		};
/* End PBXFrameworksBuildPhase section */

/* Begin PBXGroup section */
		64A9976620A6DBB900FF2FFB = {
			isa = PBXGroup;
			children = (
				64A9977120A6DBB900FF2FFB /* Unicode_Emoji */,
				64A9977020A6DBB900FF2FFB /* Products */,
			);
			sourceTree = "<group>";
		};
		64A9977020A6DBB900FF2FFB /* Products */ = {
			isa = PBXGroup;
			children = (
				64A9976F20A6DBB900FF2FFB /* Unicode_Emoji.app */,
			);
			name = Products;
			sourceTree = "<group>";
		};
		64A9977120A6DBB900FF2FFB /* Unicode_Emoji */ = {
			isa = PBXGroup;
			children = (
				64A9978420A6DDF200FF2FFB /* WWEmojiLabel.swift */,
				64A9977220A6DBB900FF2FFB /* AppDelegate.swift */,
				64A9977420A6DBB900FF2FFB /* ViewController.swift */,
				64A9977620A6DBB900FF2FFB /* Main.storyboard */,
				64A9977920A6DBBA00FF2FFB /* Assets.xcassets */,
				64A9977B20A6DBBA00FF2FFB /* LaunchScreen.storyboard */,
				64A9977E20A6DBBA00FF2FFB /* Info.plist */,
			);
			path = Unicode_Emoji;
			sourceTree = "<group>";
		};
/* End PBXGroup section */

/* Begin PBXNativeTarget section */
		64A9976E20A6DBB900FF2FFB /* Unicode_Emoji */ = {
			isa = PBXNativeTarget;
			buildConfigurationList = 64A9978120A6DBBA00FF2FFB /* Build configuration list for PBXNativeTarget "Unicode_Emoji" */;
			buildPhases = (
				64A9976B20A6DBB900FF2FFB /* Sources */,
				64A9976C20A6DBB900FF2FFB /* Frameworks */,
				64A9976D20A6DBB900FF2FFB /* Resources */,
			);
			buildRules = (
			);
			dependencies = (
			);
			name = Unicode_Emoji;
			productName = Unicode_Emoji;
			productReference = 64A9976F20A6DBB900FF2FFB /* Unicode_Emoji.app */;
			productType = "com.apple.product-type.application";
		};
/* End PBXNativeTarget section */

/* Begin PBXProject section */
		64A9976720A6DBB900FF2FFB /* Project object */ = {
			isa = PBXProject;
			attributes = {
				LastSwiftUpdateCheck = 0930;
				LastUpgradeCheck = 0930;
				ORGANIZATIONNAME = "William-Weng";
				TargetAttributes = {
					64A9976E20A6DBB900FF2FFB = {
						CreatedOnToolsVersion = 9.3;
					};
				};
			};
			buildConfigurationList = 64A9976A20A6DBB900FF2FFB /* Build configuration list for PBXProject "Unicode_Emoji" */;
			compatibilityVersion = "Xcode 9.3";
			developmentRegion = en;
			hasScannedForEncodings = 0;
			knownRegions = (
				en,
				Base,
			);
			mainGroup = 64A9976620A6DBB900FF2FFB;
			productRefGroup = 64A9977020A6DBB900FF2FFB /* Products */;
			projectDirPath = "";
			projectRoot = "";
			targets = (
				64A9976E20A6DBB900FF2FFB /* Unicode_Emoji */,
			);
		};
/* End PBXProject section */

/* Begin PBXResourcesBuildPhase section */
		64A9976D20A6DBB900FF2FFB /* Resources */ = {
			isa = PBXResourcesBuildPhase;
			buildActionMask = 2147483647;
			files = (
				64A9977D20A6DBBA00FF2FFB /* LaunchScreen.storyboard in Resources */,
				64A9977A20A6DBBA00FF2FFB /* Assets.xcassets in Resources */,
				64A9977820A6DBB900FF2FFB /* Main.storyboard in Resources */,
			);
			runOnlyForDeploymentPostprocessing = 0;
		};
/* End PBXResourcesBuildPhase section */

/* Begin PBXSourcesBuildPhase section */
		64A9976B20A6DBB900FF2FFB /* Sources */ = {
			isa = PBXSourcesBuildPhase;
			buildActionMask = 2147483647;
			files = (
				64A9978520A6DDF200FF2FFB /* WWEmojiLabel.swift in Sources */,
				64A9977520A6DBB900FF2FFB /* ViewController.swift in Sources */,
				64A9977320A6DBB900FF2FFB /* AppDelegate.swift in Sources */,
			);
			runOnlyForDeploymentPostprocessing = 0;
		};
/* End PBXSourcesBuildPhase section */

/* Begin PBXVariantGroup section */
		64A9977620A6DBB900FF2FFB /* Main.storyboard */ = {
			isa = PBXVariantGroup;
			children = (
				64A9977720A6DBB900FF2FFB /* Base */,
			);
			name = Main.storyboard;
			sourceTree = "<group>";
		};
		64A9977B20A6DBBA00FF2FFB /* LaunchScreen.storyboard */ = {
			isa = PBXVariantGroup;
			children = (
				64A9977C20A6DBBA00FF2FFB /* Base */,
			);
			name = LaunchScreen.storyboard;
			sourceTree = "<group>";
		};
/* End PBXVariantGroup section */

/* Begin XCBuildConfiguration section */
		64A9977F20A6DBBA00FF2FFB /* Debug */ = {
			isa = XCBuildConfiguration;
			buildSettings = {
				ALWAYS_SEARCH_USER_PATHS = NO;
				CLANG_ANALYZER_NONNULL = YES;
				CLANG_ANALYZER_NUMBER_OBJECT_CONVERSION = YES_AGGRESSIVE;
				CLANG_CXX_LANGUAGE_STANDARD = "gnu++14";
				CLANG_CXX_LIBRARY = "libc++";
				CLANG_ENABLE_MODULES = YES;
				CLANG_ENABLE_OBJC_ARC = YES;
				CLANG_ENABLE_OBJC_WEAK = YES;
				CLANG_WARN_BLOCK_CAPTURE_AUTORELEASING = YES;
				CLANG_WARN_BOOL_CONVERSION = YES;
				CLANG_WARN_COMMA = YES;
				CLANG_WARN_CONSTANT_CONVERSION = YES;
				CLANG_WARN_DEPRECATED_OBJC_IMPLEMENTATIONS = YES;
				CLANG_WARN_DIRECT_OBJC_ISA_USAGE = YES_ERROR;
				CLANG_WARN_DOCUMENTATION_COMMENTS = YES;
				CLANG_WARN_EMPTY_BODY = YES;
				CLANG_WARN_ENUM_CONVERSION = YES;
				CLANG_WARN_INFINITE_RECURSION = YES;
				CLANG_WARN_INT_CONVERSION = YES;
				CLANG_WARN_NON_LITERAL_NULL_CONVERSION = YES;
				CLANG_WARN_OBJC_IMPLICIT_RETAIN_SELF = YES;
				CLANG_WARN_OBJC_LITERAL_CONVERSION = YES;
				CLANG_WARN_OBJC_ROOT_CLASS = YES_ERROR;
				CLANG_WARN_RANGE_LOOP_ANALYSIS = YES;
				CLANG_WARN_STRICT_PROTOTYPES = YES;
				CLANG_WARN_SUSPICIOUS_MOVE = YES;
				CLANG_WARN_UNGUARDED_AVAILABILITY = YES_AGGRESSIVE;
				CLANG_WARN_UNREACHABLE_CODE = YES;
				CLANG_WARN__DUPLICATE_METHOD_MATCH = YES;
				CODE_SIGN_IDENTITY = "iPhone Developer";
				COPY_PHASE_STRIP = NO;
				DEBUG_INFORMATION_FORMAT = dwarf;
				ENABLE_STRICT_OBJC_MSGSEND = YES;
				ENABLE_TESTABILITY = YES;
				GCC_C_LANGUAGE_STANDARD = gnu11;
				GCC_DYNAMIC_NO_PIC = NO;
				GCC_NO_COMMON_BLOCKS = YES;
				GCC_OPTIMIZATION_LEVEL = 0;
				GCC_PREPROCESSOR_DEFINITIONS = (
					"DEBUG=1",
					"$(inherited)",
				);
				GCC_WARN_64_TO_32_BIT_CONVERSION = YES;
				GCC_WARN_ABOUT_RETURN_TYPE = YES_ERROR;
				GCC_WARN_UNDECLARED_SELECTOR = YES;
				GCC_WARN_UNINITIALIZED_AUTOS = YES_AGGRESSIVE;
				GCC_WARN_UNUSED_FUNCTION = YES;
				GCC_WARN_UNUSED_VARIABLE = YES;
				IPHONEOS_DEPLOYMENT_TARGET = 11.3;
				MTL_ENABLE_DEBUG_INFO = YES;
				ONLY_ACTIVE_ARCH = YES;
				SDKROOT = iphoneos;
				SWIFT_ACTIVE_COMPILATION_CONDITIONS = DEBUG;
				SWIFT_OPTIMIZATION_LEVEL = "-Onone";
			};
			name = Debug;
		};
		64A9978020A6DBBA00FF2FFB /* Release */ = {
			isa = XCBuildConfiguration;
			buildSettings = {
				ALWAYS_SEARCH_USER_PATHS = NO;
				CLANG_ANALYZER_NONNULL = YES;
				CLANG_ANALYZER_NUMBER_OBJECT_CONVERSION = YES_AGGRESSIVE;
				CLANG_CXX_LANGUAGE_STANDARD = "gnu++14";
				CLANG_CXX_LIBRARY = "libc++";
				CLANG_ENABLE_MODULES = YES;
				CLANG_ENABLE_OBJC_ARC = YES;
				CLANG_ENABLE_OBJC_WEAK = YES;
				CLANG_WARN_BLOCK_CAPTURE_AUTORELEASING = YES;
				CLANG_WARN_BOOL_CONVERSION = YES;
				CLANG_WARN_COMMA = YES;
				CLANG_WARN_CONSTANT_CONVERSION = YES;
				CLANG_WARN_DEPRECATED_OBJC_IMPLEMENTATIONS = YES;
				CLANG_WARN_DIRECT_OBJC_ISA_USAGE = YES_ERROR;
				CLANG_WARN_DOCUMENTATION_COMMENTS = YES;
				CLANG_WARN_EMPTY_BODY = YES;
				CLANG_WARN_ENUM_CONVERSION = YES;
				CLANG_WARN_INFINITE_RECURSION = YES;
				CLANG_WARN_INT_CONVERSION = YES;
				CLANG_WARN_NON_LITERAL_NULL_CONVERSION = YES;
				CLANG_WARN_OBJC_IMPLICIT_RETAIN_SELF = YES;
				CLANG_WARN_OBJC_LITERAL_CONVERSION = YES;
				CLANG_WARN_OBJC_ROOT_CLASS = YES_ERROR;
				CLANG_WARN_RANGE_LOOP_ANALYSIS = YES;
				CLANG_WARN_STRICT_PROTOTYPES = YES;
				CLANG_WARN_SUSPICIOUS_MOVE = YES;
				CLANG_WARN_UNGUARDED_AVAILABILITY = YES_AGGRESSIVE;
				CLANG_WARN_UNREACHABLE_CODE = YES;
				CLANG_WARN__DUPLICATE_METHOD_MATCH = YES;
				CODE_SIGN_IDENTITY = "iPhone Developer";
				COPY_PHASE_STRIP = NO;
				DEBUG_INFORMATION_FORMAT = "dwarf-with-dsym";
				ENABLE_NS_ASSERTIONS = NO;
				ENABLE_STRICT_OBJC_MSGSEND = YES;
				GCC_C_LANGUAGE_STANDARD = gnu11;
				GCC_NO_COMMON_BLOCKS = YES;
				GCC_WARN_64_TO_32_BIT_CONVERSION = YES;
				GCC_WARN_ABOUT_RETURN_TYPE = YES_ERROR;
				GCC_WARN_UNDECLARED_SELECTOR = YES;
				GCC_WARN_UNINITIALIZED_AUTOS = YES_AGGRESSIVE;
				GCC_WARN_UNUSED_FUNCTION = YES;
				GCC_WARN_UNUSED_VARIABLE = YES;
				IPHONEOS_DEPLOYMENT_TARGET = 11.3;
				MTL_ENABLE_DEBUG_INFO = NO;
				SDKROOT = iphoneos;
				SWIFT_COMPILATION_MODE = wholemodule;
				SWIFT_OPTIMIZATION_LEVEL = "-O";
				VALIDATE_PRODUCT = YES;
			};
			name = Release;
		};
		64A9978220A6DBBA00FF2FFB /* Debug */ = {
			isa = XCBuildConfiguration;
			buildSettings = {
				ASSETCATALOG_COMPILER_APPICON_NAME = AppIcon;
				CODE_SIGN_STYLE = Automatic;
				DEVELOPMENT_TEAM = GXE4438K84;
				INFOPLIST_FILE = Unicode_Emoji/Info.plist;
				IPHONEOS_DEPLOYMENT_TARGET = 9.0;
				LD_RUNPATH_SEARCH_PATHS = (
					"$(inherited)",
					"@executable_path/Frameworks",
				);
				PRODUCT_BUNDLE_IDENTIFIER = "tw.blogspot.linuxice0609.Unicode-Emoji";
				PRODUCT_NAME = "$(TARGET_NAME)";
				SWIFT_VERSION = 4.0;
				TARGETED_DEVICE_FAMILY = "1,2";
			};
			name = Debug;
		};
		64A9978320A6DBBA00FF2FFB /* Release */ = {
			isa = XCBuildConfiguration;
			buildSettings = {
				ASSETCATALOG_COMPILER_APPICON_NAME = AppIcon;
				CODE_SIGN_STYLE = Automatic;
				DEVELOPMENT_TEAM = GXE4438K84;
				INFOPLIST_FILE = Unicode_Emoji/Info.plist;
				IPHONEOS_DEPLOYMENT_TARGET = 9.0;
				LD_RUNPATH_SEARCH_PATHS = (
					"$(inherited)",
					"@executable_path/Frameworks",
				);
				PRODUCT_BUNDLE_IDENTIFIER = "tw.blogspot.linuxice0609.Unicode-Emoji";
				PRODUCT_NAME = "$(TARGET_NAME)";
				SWIFT_VERSION = 4.0;
				TARGETED_DEVICE_FAMILY = "1,2";
			};
			name = Release;
		};
/* End XCBuildConfiguration section */

/* Begin XCConfigurationList section */
		64A9976A20A6DBB900FF2FFB /* Build configuration list for PBXProject "Unicode_Emoji" */ = {
			isa = XCConfigurationList;
			buildConfigurations = (
				64A9977F20A6DBBA00FF2FFB /* Debug */,
				64A9978020A6DBBA00FF2FFB /* Release */,
			);
			defaultConfigurationIsVisible = 0;
			defaultConfigurationName = Release;
		};
		64A9978120A6DBBA00FF2FFB /* Build configuration list for PBXNativeTarget "Unicode_Emoji" */ = {
			isa = XCConfigurationList;
			buildConfigurations = (
				64A9978220A6DBBA00FF2FFB /* Debug */,
				64A9978320A6DBBA00FF2FFB /* Release */,
			);
			defaultConfigurationIsVisible = 0;
			defaultConfigurationName = Release;
		};
/* End XCConfigurationList section */
	};
	rootObject = 64A9976720A6DBB900FF2FFB /* Project object */;
}
