// !$*UTF8*$!
{
	archiveVersion = 1;
	classes = {
	};
	objectVersion = 48;
	objects = {

/* Begin PBXBuildFile section */
		647641CD20E0CE0800B176E1 /* AppDelegate.swift in Sources */ = {isa = PBXBuildFile; fileRef = 647641CC20E0CE0800B176E1 /* AppDelegate.swift */; };
		647641CF20E0CE0800B176E1 /* ViewController.swift in Sources */ = {isa = PBXBuildFile; fileRef = 647641CE20E0CE0800B176E1 /* ViewController.swift */; };
		647641D220E0CE0800B176E1 /* Main.storyboard in Resources */ = {isa = PBXBuildFile; fileRef = 647641D020E0CE0800B176E1 /* Main.storyboard */; };
		647641D420E0CE0800B176E1 /* Assets.xcassets in Resources */ = {isa = PBXBuildFile; fileRef = 647641D320E0CE0800B176E1 /* Assets.xcassets */; };
		647641D720E0CE0800B176E1 /* LaunchScreen.storyboard in Resources */ = {isa = PBXBuildFile; fileRef = 647641D520E0CE0800B176E1 /* LaunchScreen.storyboard */; };
		647641DF20E0CE7900B176E1 /* WWBezierTextView.swift in Sources */ = {isa = PBXBuildFile; fileRef = 647641DE20E0CE7900B176E1 /* WWBezierTextView.swift */; };
/* End PBXBuildFile section */

/* Begin PBXFileReference section */
		647641C920E0CE0800B176E1 /* BezierText.app */ = {isa = PBXFileReference; explicitFileType = wrapper.application; includeInIndex = 0; path = BezierText.app; sourceTree = BUILT_PRODUCTS_DIR; };
		647641CC20E0CE0800B176E1 /* AppDelegate.swift */ = {isa = PBXFileReference; lastKnownFileType = sourcecode.swift; path = AppDelegate.swift; sourceTree = "<group>"; };
		647641CE20E0CE0800B176E1 /* ViewController.swift */ = {isa = PBXFileReference; lastKnownFileType = sourcecode.swift; path = ViewController.swift; sourceTree = "<group>"; };
		647641D120E0CE0800B176E1 /* Base */ = {isa = PBXFileReference; lastKnownFileType = file.storyboard; name = Base; path = Base.lproj/Main.storyboard; sourceTree = "<group>"; };
		647641D320E0CE0800B176E1 /* Assets.xcassets */ = {isa = PBXFileReference; lastKnownFileType = folder.assetcatalog; path = Assets.xcassets; sourceTree = "<group>"; };
		647641D620E0CE0800B176E1 /* Base */ = {isa = PBXFileReference; lastKnownFileType = file.storyboard; name = Base; path = Base.lproj/LaunchScreen.storyboard; sourceTree = "<group>"; };
		647641D820E0CE0800B176E1 /* Info.plist */ = {isa = PBXFileReference; lastKnownFileType = text.plist.xml; path = Info.plist; sourceTree = "<group>"; };
		647641DE20E0CE7900B176E1 /* WWBezierTextView.swift */ = {isa = PBXFileReference; lastKnownFileType = sourcecode.swift; path = WWBezierTextView.swift; sourceTree = "<group>"; };
/* End PBXFileReference section */

/* Begin PBXFrameworksBuildPhase section */
		647641C620E0CE0800B176E1 /* Frameworks */ = {
			isa = PBXFrameworksBuildPhase;
			buildActionMask = 2147483647;
			files = (
			);
			runOnlyForDeploymentPostprocessing = 0;
		};
/* End PBXFrameworksBuildPhase section */

/* Begin PBXGroup section */
		647641C020E0CE0800B176E1 = {
			isa = PBXGroup;
			children = (
				647641CB20E0CE0800B176E1 /* BezierText */,
				647641CA20E0CE0800B176E1 /* Products */,
			);
			sourceTree = "<group>";
		};
		647641CA20E0CE0800B176E1 /* Products */ = {
			isa = PBXGroup;
			children = (
				647641C920E0CE0800B176E1 /* BezierText.app */,
			);
			name = Products;
			sourceTree = "<group>";
		};
		647641CB20E0CE0800B176E1 /* BezierText */ = {
			isa = PBXGroup;
			children = (
				647641CC20E0CE0800B176E1 /* AppDelegate.swift */,
				647641DE20E0CE7900B176E1 /* WWBezierTextView.swift */,
				647641CE20E0CE0800B176E1 /* ViewController.swift */,
				647641D020E0CE0800B176E1 /* Main.storyboard */,
				647641D320E0CE0800B176E1 /* Assets.xcassets */,
				647641D520E0CE0800B176E1 /* LaunchScreen.storyboard */,
				647641D820E0CE0800B176E1 /* Info.plist */,
			);
			path = BezierText;
			sourceTree = "<group>";
		};
/* End PBXGroup section */

/* Begin PBXNativeTarget section */
		647641C820E0CE0800B176E1 /* BezierText */ = {
			isa = PBXNativeTarget;
			buildConfigurationList = 647641DB20E0CE0800B176E1 /* Build configuration list for PBXNativeTarget "BezierText" */;
			buildPhases = (
				647641C520E0CE0800B176E1 /* Sources */,
				647641C620E0CE0800B176E1 /* Frameworks */,
				647641C720E0CE0800B176E1 /* Resources */,
			);
			buildRules = (
			);
			dependencies = (
			);
			name = BezierText;
			productName = BezierText;
			productReference = 647641C920E0CE0800B176E1 /* BezierText.app */;
			productType = "com.apple.product-type.application";
		};
/* End PBXNativeTarget section */

/* Begin PBXProject section */
		647641C120E0CE0800B176E1 /* Project object */ = {
			isa = PBXProject;
			attributes = {
				LastSwiftUpdateCheck = 0920;
				LastUpgradeCheck = 0920;
				ORGANIZATIONNAME = "IIT-翁禹斌(William.Weng)";
				TargetAttributes = {
					647641C820E0CE0800B176E1 = {
						CreatedOnToolsVersion = 9.2;
						ProvisioningStyle = Automatic;
					};
				};
			};
			buildConfigurationList = 647641C420E0CE0800B176E1 /* Build configuration list for PBXProject "BezierText" */;
			compatibilityVersion = "Xcode 8.0";
			developmentRegion = en;
			hasScannedForEncodings = 0;
			knownRegions = (
				en,
				Base,
			);
			mainGroup = 647641C020E0CE0800B176E1;
			productRefGroup = 647641CA20E0CE0800B176E1 /* Products */;
			projectDirPath = "";
			projectRoot = "";
			targets = (
				647641C820E0CE0800B176E1 /* BezierText */,
			);
		};
/* End PBXProject section */

/* Begin PBXResourcesBuildPhase section */
		647641C720E0CE0800B176E1 /* Resources */ = {
			isa = PBXResourcesBuildPhase;
			buildActionMask = 2147483647;
			files = (
				647641D720E0CE0800B176E1 /* LaunchScreen.storyboard in Resources */,
				647641D420E0CE0800B176E1 /* Assets.xcassets in Resources */,
				647641D220E0CE0800B176E1 /* Main.storyboard in Resources */,
			);
			runOnlyForDeploymentPostprocessing = 0;
		};
/* End PBXResourcesBuildPhase section */

/* Begin PBXSourcesBuildPhase section */
		647641C520E0CE0800B176E1 /* Sources */ = {
			isa = PBXSourcesBuildPhase;
			buildActionMask = 2147483647;
			files = (
				647641DF20E0CE7900B176E1 /* WWBezierTextView.swift in Sources */,
				647641CF20E0CE0800B176E1 /* ViewController.swift in Sources */,
				647641CD20E0CE0800B176E1 /* AppDelegate.swift in Sources */,
			);
			runOnlyForDeploymentPostprocessing = 0;
		};
/* End PBXSourcesBuildPhase section */

/* Begin PBXVariantGroup section */
		647641D020E0CE0800B176E1 /* Main.storyboard */ = {
			isa = PBXVariantGroup;
			children = (
				647641D120E0CE0800B176E1 /* Base */,
			);
			name = Main.storyboard;
			sourceTree = "<group>";
		};
		647641D520E0CE0800B176E1 /* LaunchScreen.storyboard */ = {
			isa = PBXVariantGroup;
			children = (
				647641D620E0CE0800B176E1 /* Base */,
			);
			name = LaunchScreen.storyboard;
			sourceTree = "<group>";
		};
/* End PBXVariantGroup section */

/* Begin XCBuildConfiguration section */
		647641D920E0CE0800B176E1 /* Debug */ = {
			isa = XCBuildConfiguration;
			buildSettings = {
				ALWAYS_SEARCH_USER_PATHS = NO;
				CLANG_ANALYZER_NONNULL = YES;
				CLANG_ANALYZER_NUMBER_OBJECT_CONVERSION = YES_AGGRESSIVE;
				CLANG_CXX_LANGUAGE_STANDARD = "gnu++14";
				CLANG_CXX_LIBRARY = "libc++";
				CLANG_ENABLE_MODULES = YES;
				CLANG_ENABLE_OBJC_ARC = YES;
				CLANG_WARN_BLOCK_CAPTURE_AUTORELEASING = YES;
				CLANG_WARN_BOOL_CONVERSION = YES;
				CLANG_WARN_COMMA = YES;
				CLANG_WARN_CONSTANT_CONVERSION = YES;
				CLANG_WARN_DIRECT_OBJC_ISA_USAGE = YES_ERROR;
				CLANG_WARN_DOCUMENTATION_COMMENTS = YES;
				CLANG_WARN_EMPTY_BODY = YES;
				CLANG_WARN_ENUM_CONVERSION = YES;
				CLANG_WARN_INFINITE_RECURSION = YES;
				CLANG_WARN_INT_CONVERSION = YES;
				CLANG_WARN_NON_LITERAL_NULL_CONVERSION = YES;
				CLANG_WARN_OBJC_LITERAL_CONVERSION = YES;
				CLANG_WARN_OBJC_ROOT_CLASS = YES_ERROR;
				CLANG_WARN_RANGE_LOOP_ANALYSIS = YES;
				CLANG_WARN_STRICT_PROTOTYPES = YES;
				CLANG_WARN_SUSPICIOUS_MOVE = YES;
				CLANG_WARN_UNGUARDED_AVAILABILITY = YES_AGGRESSIVE;
				CLANG_WARN_UNREACHABLE_CODE = YES;
				CLANG_WARN__DUPLICATE_METHOD_MATCH = YES;
				CODE_SIGN_IDENTITY = "iPhone Developer";
				COPY_PHASE_STRIP = NO;
				DEBUG_INFORMATION_FORMAT = dwarf;
				ENABLE_STRICT_OBJC_MSGSEND = YES;
				ENABLE_TESTABILITY = YES;
				GCC_C_LANGUAGE_STANDARD = gnu11;
				GCC_DYNAMIC_NO_PIC = NO;
				GCC_NO_COMMON_BLOCKS = YES;
				GCC_OPTIMIZATION_LEVEL = 0;
				GCC_PREPROCESSOR_DEFINITIONS = (
					"DEBUG=1",
					"$(inherited)",
				);
				GCC_WARN_64_TO_32_BIT_CONVERSION = YES;
				GCC_WARN_ABOUT_RETURN_TYPE = YES_ERROR;
				GCC_WARN_UNDECLARED_SELECTOR = YES;
				GCC_WARN_UNINITIALIZED_AUTOS = YES_AGGRESSIVE;
				GCC_WARN_UNUSED_FUNCTION = YES;
				GCC_WARN_UNUSED_VARIABLE = YES;
				IPHONEOS_DEPLOYMENT_TARGET = 11.2;
				MTL_ENABLE_DEBUG_INFO = YES;
				ONLY_ACTIVE_ARCH = YES;
				SDKROOT = iphoneos;
				SWIFT_ACTIVE_COMPILATION_CONDITIONS = DEBUG;
				SWIFT_OPTIMIZATION_LEVEL = "-Onone";
			};
			name = Debug;
		};
		647641DA20E0CE0800B176E1 /* Release */ = {
			isa = XCBuildConfiguration;
			buildSettings = {
				ALWAYS_SEARCH_USER_PATHS = NO;
				CLANG_ANALYZER_NONNULL = YES;
				CLANG_ANALYZER_NUMBER_OBJECT_CONVERSION = YES_AGGRESSIVE;
				CLANG_CXX_LANGUAGE_STANDARD = "gnu++14";
				CLANG_CXX_LIBRARY = "libc++";
				CLANG_ENABLE_MODULES = YES;
				CLANG_ENABLE_OBJC_ARC = YES;
				CLANG_WARN_BLOCK_CAPTURE_AUTORELEASING = YES;
				CLANG_WARN_BOOL_CONVERSION = YES;
				CLANG_WARN_COMMA = YES;
				CLANG_WARN_CONSTANT_CONVERSION = YES;
				CLANG_WARN_DIRECT_OBJC_ISA_USAGE = YES_ERROR;
				CLANG_WARN_DOCUMENTATION_COMMENTS = YES;
				CLANG_WARN_EMPTY_BODY = YES;
				CLANG_WARN_ENUM_CONVERSION = YES;
				CLANG_WARN_INFINITE_RECURSION = YES;
				CLANG_WARN_INT_CONVERSION = YES;
				CLANG_WARN_NON_LITERAL_NULL_CONVERSION = YES;
				CLANG_WARN_OBJC_LITERAL_CONVERSION = YES;
				CLANG_WARN_OBJC_ROOT_CLASS = YES_ERROR;
				CLANG_WARN_RANGE_LOOP_ANALYSIS = YES;
				CLANG_WARN_STRICT_PROTOTYPES = YES;
				CLANG_WARN_SUSPICIOUS_MOVE = YES;
				CLANG_WARN_UNGUARDED_AVAILABILITY = YES_AGGRESSIVE;
				CLANG_WARN_UNREACHABLE_CODE = YES;
				CLANG_WARN__DUPLICATE_METHOD_MATCH = YES;
				CODE_SIGN_IDENTITY = "iPhone Developer";
				COPY_PHASE_STRIP = NO;
				DEBUG_INFORMATION_FORMAT = "dwarf-with-dsym";
				ENABLE_NS_ASSERTIONS = NO;
				ENABLE_STRICT_OBJC_MSGSEND = YES;
				GCC_C_LANGUAGE_STANDARD = gnu11;
				GCC_NO_COMMON_BLOCKS = YES;
				GCC_WARN_64_TO_32_BIT_CONVERSION = YES;
				GCC_WARN_ABOUT_RETURN_TYPE = YES_ERROR;
				GCC_WARN_UNDECLARED_SELECTOR = YES;
				GCC_WARN_UNINITIALIZED_AUTOS = YES_AGGRESSIVE;
				GCC_WARN_UNUSED_FUNCTION = YES;
				GCC_WARN_UNUSED_VARIABLE = YES;
				IPHONEOS_DEPLOYMENT_TARGET = 11.2;
				MTL_ENABLE_DEBUG_INFO = NO;
				SDKROOT = iphoneos;
				SWIFT_OPTIMIZATION_LEVEL = "-Owholemodule";
				VALIDATE_PRODUCT = YES;
			};
			name = Release;
		};
		647641DC20E0CE0800B176E1 /* Debug */ = {
			isa = XCBuildConfiguration;
			buildSettings = {
				ASSETCATALOG_COMPILER_APPICON_NAME = AppIcon;
				CODE_SIGN_STYLE = Automatic;
				DEVELOPMENT_TEAM = GXE4438K84;
				INFOPLIST_FILE = BezierText/Info.plist;
				IPHONEOS_DEPLOYMENT_TARGET = 10.0;
				LD_RUNPATH_SEARCH_PATHS = "$(inherited) @executable_path/Frameworks";
				PRODUCT_BUNDLE_IDENTIFIER = tw.idv.william.BezierText;
				PRODUCT_NAME = "$(TARGET_NAME)";
				SWIFT_VERSION = 4.0;
				TARGETED_DEVICE_FAMILY = "1,2";
			};
			name = Debug;
		};
		647641DD20E0CE0800B176E1 /* Release */ = {
			isa = XCBuildConfiguration;
			buildSettings = {
				ASSETCATALOG_COMPILER_APPICON_NAME = AppIcon;
				CODE_SIGN_STYLE = Automatic;
				DEVELOPMENT_TEAM = GXE4438K84;
				INFOPLIST_FILE = BezierText/Info.plist;
				IPHONEOS_DEPLOYMENT_TARGET = 10.0;
				LD_RUNPATH_SEARCH_PATHS = "$(inherited) @executable_path/Frameworks";
				PRODUCT_BUNDLE_IDENTIFIER = tw.idv.william.BezierText;
				PRODUCT_NAME = "$(TARGET_NAME)";
				SWIFT_VERSION = 4.0;
				TARGETED_DEVICE_FAMILY = "1,2";
			};
			name = Release;
		};
/* End XCBuildConfiguration section */

/* Begin XCConfigurationList section */
		647641C420E0CE0800B176E1 /* Build configuration list for PBXProject "BezierText" */ = {
			isa = XCConfigurationList;
			buildConfigurations = (
				647641D920E0CE0800B176E1 /* Debug */,
				647641DA20E0CE0800B176E1 /* Release */,
			);
			defaultConfigurationIsVisible = 0;
			defaultConfigurationName = Release;
		};
		647641DB20E0CE0800B176E1 /* Build configuration list for PBXNativeTarget "BezierText" */ = {
			isa = XCConfigurationList;
			buildConfigurations = (
				647641DC20E0CE0800B176E1 /* Debug */,
				647641DD20E0CE0800B176E1 /* Release */,
			);
			defaultConfigurationIsVisible = 0;
			defaultConfigurationName = Release;
		};
/* End XCConfigurationList section */
	};
	rootObject = 647641C120E0CE0800B176E1 /* Project object */;
}
