// !$*UTF8*$!
{
	archiveVersion = 1;
	classes = {
	};
	objectVersion = 48;
	objects = {

/* Begin PBXBuildFile section */
		640410AB2096AEAC00DA9B8B /* CAShapeLayerAnimationView.xib in Resources */ = {isa = PBXBuildFile; fileRef = 640410AA2096AEAC00DA9B8B /* CAShapeLayerAnimationView.xib */; };
		64964A1A2092F6920031D4D6 /* AppDelegate.swift in Sources */ = {isa = PBXBuildFile; fileRef = 64964A192092F6920031D4D6 /* AppDelegate.swift */; };
		64964A1C2092F6920031D4D6 /* ViewController.swift in Sources */ = {isa = PBXBuildFile; fileRef = 64964A1B2092F6920031D4D6 /* ViewController.swift */; };
		64964A1F2092F6920031D4D6 /* Main.storyboard in Resources */ = {isa = PBXBuildFile; fileRef = 64964A1D2092F6920031D4D6 /* Main.storyboard */; };
		64964A212092F6920031D4D6 /* Assets.xcassets in Resources */ = {isa = PBXBuildFile; fileRef = 64964A202092F6920031D4D6 /* Assets.xcassets */; };
		64964A242092F6920031D4D6 /* LaunchScreen.storyboard in Resources */ = {isa = PBXBuildFile; fileRef = 64964A222092F6920031D4D6 /* LaunchScreen.storyboard */; };
		64C615FA209327E7007024CE /* CAShapeLayerAnimationView.swift in Sources */ = {isa = PBXBuildFile; fileRef = 64C615F8209327E7007024CE /* CAShapeLayerAnimationView.swift */; };
/* End PBXBuildFile section */

/* Begin PBXFileReference section */
		640410AA2096AEAC00DA9B8B /* CAShapeLayerAnimationView.xib */ = {isa = PBXFileReference; lastKnownFileType = file.xib; path = CAShapeLayerAnimationView.xib; sourceTree = "<group>"; };
		64964A162092F6920031D4D6 /* CAShapeLayer_Animation.app */ = {isa = PBXFileReference; explicitFileType = wrapper.application; includeInIndex = 0; path = CAShapeLayer_Animation.app; sourceTree = BUILT_PRODUCTS_DIR; };
		64964A192092F6920031D4D6 /* AppDelegate.swift */ = {isa = PBXFileReference; lastKnownFileType = sourcecode.swift; path = AppDelegate.swift; sourceTree = "<group>"; };
		64964A1B2092F6920031D4D6 /* ViewController.swift */ = {isa = PBXFileReference; lastKnownFileType = sourcecode.swift; path = ViewController.swift; sourceTree = "<group>"; };
		64964A1E2092F6920031D4D6 /* Base */ = {isa = PBXFileReference; lastKnownFileType = file.storyboard; name = Base; path = Base.lproj/Main.storyboard; sourceTree = "<group>"; };
		64964A202092F6920031D4D6 /* Assets.xcassets */ = {isa = PBXFileReference; lastKnownFileType = folder.assetcatalog; path = Assets.xcassets; sourceTree = "<group>"; };
		64964A232092F6920031D4D6 /* Base */ = {isa = PBXFileReference; lastKnownFileType = file.storyboard; name = Base; path = Base.lproj/LaunchScreen.storyboard; sourceTree = "<group>"; };
		64964A252092F6920031D4D6 /* Info.plist */ = {isa = PBXFileReference; lastKnownFileType = text.plist.xml; path = Info.plist; sourceTree = "<group>"; };
		64C615F8209327E7007024CE /* CAShapeLayerAnimationView.swift */ = {isa = PBXFileReference; lastKnownFileType = sourcecode.swift; path = CAShapeLayerAnimationView.swift; sourceTree = "<group>"; };
/* End PBXFileReference section */

/* Begin PBXFrameworksBuildPhase section */
		64964A132092F6920031D4D6 /* Frameworks */ = {
			isa = PBXFrameworksBuildPhase;
			buildActionMask = 2147483647;
			files = (
			);
			runOnlyForDeploymentPostprocessing = 0;
		};
/* End PBXFrameworksBuildPhase section */

/* Begin PBXGroup section */
		64964A0D2092F6920031D4D6 = {
			isa = PBXGroup;
			children = (
				64964A182092F6920031D4D6 /* CAShapeLayer_Animation */,
				64964A172092F6920031D4D6 /* Products */,
			);
			sourceTree = "<group>";
		};
		64964A172092F6920031D4D6 /* Products */ = {
			isa = PBXGroup;
			children = (
				64964A162092F6920031D4D6 /* CAShapeLayer_Animation.app */,
			);
			name = Products;
			sourceTree = "<group>";
		};
		64964A182092F6920031D4D6 /* CAShapeLayer_Animation */ = {
			isa = PBXGroup;
			children = (
				64F52CFA2098371D004C0E0E /* CAShapeLayerAnimationView */,
				64964A192092F6920031D4D6 /* AppDelegate.swift */,
				64964A1B2092F6920031D4D6 /* ViewController.swift */,
				64964A1D2092F6920031D4D6 /* Main.storyboard */,
				64964A202092F6920031D4D6 /* Assets.xcassets */,
				64964A222092F6920031D4D6 /* LaunchScreen.storyboard */,
				64964A252092F6920031D4D6 /* Info.plist */,
			);
			path = CAShapeLayer_Animation;
			sourceTree = "<group>";
		};
		64F52CFA2098371D004C0E0E /* CAShapeLayerAnimationView */ = {
			isa = PBXGroup;
			children = (
				64C615F8209327E7007024CE /* CAShapeLayerAnimationView.swift */,
				640410AA2096AEAC00DA9B8B /* CAShapeLayerAnimationView.xib */,
			);
			path = CAShapeLayerAnimationView;
			sourceTree = "<group>";
		};
/* End PBXGroup section */

/* Begin PBXNativeTarget section */
		64964A152092F6920031D4D6 /* CAShapeLayer_Animation */ = {
			isa = PBXNativeTarget;
			buildConfigurationList = 64964A282092F6920031D4D6 /* Build configuration list for PBXNativeTarget "CAShapeLayer_Animation" */;
			buildPhases = (
				64964A122092F6920031D4D6 /* Sources */,
				64964A132092F6920031D4D6 /* Frameworks */,
				64964A142092F6920031D4D6 /* Resources */,
			);
			buildRules = (
			);
			dependencies = (
			);
			name = CAShapeLayer_Animation;
			productName = CAShapeLayer_Animation;
			productReference = 64964A162092F6920031D4D6 /* CAShapeLayer_Animation.app */;
			productType = "com.apple.product-type.application";
		};
/* End PBXNativeTarget section */

/* Begin PBXProject section */
		64964A0E2092F6920031D4D6 /* Project object */ = {
			isa = PBXProject;
			attributes = {
				LastSwiftUpdateCheck = 0920;
				LastUpgradeCheck = 0920;
				ORGANIZATIONNAME = "IIT-翁禹斌(William.Weng)";
				TargetAttributes = {
					64964A152092F6920031D4D6 = {
						CreatedOnToolsVersion = 9.2;
						ProvisioningStyle = Automatic;
					};
				};
			};
			buildConfigurationList = 64964A112092F6920031D4D6 /* Build configuration list for PBXProject "CAShapeLayer_Animation" */;
			compatibilityVersion = "Xcode 8.0";
			developmentRegion = en;
			hasScannedForEncodings = 0;
			knownRegions = (
				en,
				Base,
			);
			mainGroup = 64964A0D2092F6920031D4D6;
			productRefGroup = 64964A172092F6920031D4D6 /* Products */;
			projectDirPath = "";
			projectRoot = "";
			targets = (
				64964A152092F6920031D4D6 /* CAShapeLayer_Animation */,
			);
		};
/* End PBXProject section */

/* Begin PBXResourcesBuildPhase section */
		64964A142092F6920031D4D6 /* Resources */ = {
			isa = PBXResourcesBuildPhase;
			buildActionMask = 2147483647;
			files = (
				64964A242092F6920031D4D6 /* LaunchScreen.storyboard in Resources */,
				64964A212092F6920031D4D6 /* Assets.xcassets in Resources */,
				64964A1F2092F6920031D4D6 /* Main.storyboard in Resources */,
				640410AB2096AEAC00DA9B8B /* CAShapeLayerAnimationView.xib in Resources */,
			);
			runOnlyForDeploymentPostprocessing = 0;
		};
/* End PBXResourcesBuildPhase section */

/* Begin PBXSourcesBuildPhase section */
		64964A122092F6920031D4D6 /* Sources */ = {
			isa = PBXSourcesBuildPhase;
			buildActionMask = 2147483647;
			files = (
				64964A1C2092F6920031D4D6 /* ViewController.swift in Sources */,
				64964A1A2092F6920031D4D6 /* AppDelegate.swift in Sources */,
				64C615FA209327E7007024CE /* CAShapeLayerAnimationView.swift in Sources */,
			);
			runOnlyForDeploymentPostprocessing = 0;
		};
/* End PBXSourcesBuildPhase section */

/* Begin PBXVariantGroup section */
		64964A1D2092F6920031D4D6 /* Main.storyboard */ = {
			isa = PBXVariantGroup;
			children = (
				64964A1E2092F6920031D4D6 /* Base */,
			);
			name = Main.storyboard;
			sourceTree = "<group>";
		};
		64964A222092F6920031D4D6 /* LaunchScreen.storyboard */ = {
			isa = PBXVariantGroup;
			children = (
				64964A232092F6920031D4D6 /* Base */,
			);
			name = LaunchScreen.storyboard;
			sourceTree = "<group>";
		};
/* End PBXVariantGroup section */

/* Begin XCBuildConfiguration section */
		64964A262092F6920031D4D6 /* Debug */ = {
			isa = XCBuildConfiguration;
			buildSettings = {
				ALWAYS_SEARCH_USER_PATHS = NO;
				CLANG_ANALYZER_NONNULL = YES;
				CLANG_ANALYZER_NUMBER_OBJECT_CONVERSION = YES_AGGRESSIVE;
				CLANG_CXX_LANGUAGE_STANDARD = "gnu++14";
				CLANG_CXX_LIBRARY = "libc++";
				CLANG_ENABLE_MODULES = YES;
				CLANG_ENABLE_OBJC_ARC = YES;
				CLANG_WARN_BLOCK_CAPTURE_AUTORELEASING = YES;
				CLANG_WARN_BOOL_CONVERSION = YES;
				CLANG_WARN_COMMA = YES;
				CLANG_WARN_CONSTANT_CONVERSION = YES;
				CLANG_WARN_DIRECT_OBJC_ISA_USAGE = YES_ERROR;
				CLANG_WARN_DOCUMENTATION_COMMENTS = YES;
				CLANG_WARN_EMPTY_BODY = YES;
				CLANG_WARN_ENUM_CONVERSION = YES;
				CLANG_WARN_INFINITE_RECURSION = YES;
				CLANG_WARN_INT_CONVERSION = YES;
				CLANG_WARN_NON_LITERAL_NULL_CONVERSION = YES;
				CLANG_WARN_OBJC_LITERAL_CONVERSION = YES;
				CLANG_WARN_OBJC_ROOT_CLASS = YES_ERROR;
				CLANG_WARN_RANGE_LOOP_ANALYSIS = YES;
				CLANG_WARN_STRICT_PROTOTYPES = YES;
				CLANG_WARN_SUSPICIOUS_MOVE = YES;
				CLANG_WARN_UNGUARDED_AVAILABILITY = YES_AGGRESSIVE;
				CLANG_WARN_UNREACHABLE_CODE = YES;
				CLANG_WARN__DUPLICATE_METHOD_MATCH = YES;
				CODE_SIGN_IDENTITY = "iPhone Developer";
				COPY_PHASE_STRIP = NO;
				DEBUG_INFORMATION_FORMAT = dwarf;
				ENABLE_STRICT_OBJC_MSGSEND = YES;
				ENABLE_TESTABILITY = YES;
				GCC_C_LANGUAGE_STANDARD = gnu11;
				GCC_DYNAMIC_NO_PIC = NO;
				GCC_NO_COMMON_BLOCKS = YES;
				GCC_OPTIMIZATION_LEVEL = 0;
				GCC_PREPROCESSOR_DEFINITIONS = (
					"DEBUG=1",
					"$(inherited)",
				);
				GCC_WARN_64_TO_32_BIT_CONVERSION = YES;
				GCC_WARN_ABOUT_RETURN_TYPE = YES_ERROR;
				GCC_WARN_UNDECLARED_SELECTOR = YES;
				GCC_WARN_UNINITIALIZED_AUTOS = YES_AGGRESSIVE;
				GCC_WARN_UNUSED_FUNCTION = YES;
				GCC_WARN_UNUSED_VARIABLE = YES;
				IPHONEOS_DEPLOYMENT_TARGET = 11.2;
				MTL_ENABLE_DEBUG_INFO = YES;
				ONLY_ACTIVE_ARCH = YES;
				SDKROOT = iphoneos;
				SWIFT_ACTIVE_COMPILATION_CONDITIONS = DEBUG;
				SWIFT_OPTIMIZATION_LEVEL = "-Onone";
			};
			name = Debug;
		};
		64964A272092F6920031D4D6 /* Release */ = {
			isa = XCBuildConfiguration;
			buildSettings = {
				ALWAYS_SEARCH_USER_PATHS = NO;
				CLANG_ANALYZER_NONNULL = YES;
				CLANG_ANALYZER_NUMBER_OBJECT_CONVERSION = YES_AGGRESSIVE;
				CLANG_CXX_LANGUAGE_STANDARD = "gnu++14";
				CLANG_CXX_LIBRARY = "libc++";
				CLANG_ENABLE_MODULES = YES;
				CLANG_ENABLE_OBJC_ARC = YES;
				CLANG_WARN_BLOCK_CAPTURE_AUTORELEASING = YES;
				CLANG_WARN_BOOL_CONVERSION = YES;
				CLANG_WARN_COMMA = YES;
				CLANG_WARN_CONSTANT_CONVERSION = YES;
				CLANG_WARN_DIRECT_OBJC_ISA_USAGE = YES_ERROR;
				CLANG_WARN_DOCUMENTATION_COMMENTS = YES;
				CLANG_WARN_EMPTY_BODY = YES;
				CLANG_WARN_ENUM_CONVERSION = YES;
				CLANG_WARN_INFINITE_RECURSION = YES;
				CLANG_WARN_INT_CONVERSION = YES;
				CLANG_WARN_NON_LITERAL_NULL_CONVERSION = YES;
				CLANG_WARN_OBJC_LITERAL_CONVERSION = YES;
				CLANG_WARN_OBJC_ROOT_CLASS = YES_ERROR;
				CLANG_WARN_RANGE_LOOP_ANALYSIS = YES;
				CLANG_WARN_STRICT_PROTOTYPES = YES;
				CLANG_WARN_SUSPICIOUS_MOVE = YES;
				CLANG_WARN_UNGUARDED_AVAILABILITY = YES_AGGRESSIVE;
				CLANG_WARN_UNREACHABLE_CODE = YES;
				CLANG_WARN__DUPLICATE_METHOD_MATCH = YES;
				CODE_SIGN_IDENTITY = "iPhone Developer";
				COPY_PHASE_STRIP = NO;
				DEBUG_INFORMATION_FORMAT = "dwarf-with-dsym";
				ENABLE_NS_ASSERTIONS = NO;
				ENABLE_STRICT_OBJC_MSGSEND = YES;
				GCC_C_LANGUAGE_STANDARD = gnu11;
				GCC_NO_COMMON_BLOCKS = YES;
				GCC_WARN_64_TO_32_BIT_CONVERSION = YES;
				GCC_WARN_ABOUT_RETURN_TYPE = YES_ERROR;
				GCC_WARN_UNDECLARED_SELECTOR = YES;
				GCC_WARN_UNINITIALIZED_AUTOS = YES_AGGRESSIVE;
				GCC_WARN_UNUSED_FUNCTION = YES;
				GCC_WARN_UNUSED_VARIABLE = YES;
				IPHONEOS_DEPLOYMENT_TARGET = 11.2;
				MTL_ENABLE_DEBUG_INFO = NO;
				SDKROOT = iphoneos;
				SWIFT_OPTIMIZATION_LEVEL = "-Owholemodule";
				VALIDATE_PRODUCT = YES;
			};
			name = Release;
		};
		64964A292092F6920031D4D6 /* Debug */ = {
			isa = XCBuildConfiguration;
			buildSettings = {
				ASSETCATALOG_COMPILER_APPICON_NAME = AppIcon;
				CODE_SIGN_STYLE = Automatic;
				DEVELOPMENT_TEAM = GXE4438K84;
				INFOPLIST_FILE = CAShapeLayer_Animation/Info.plist;
				IPHONEOS_DEPLOYMENT_TARGET = 9.0;
				LD_RUNPATH_SEARCH_PATHS = "$(inherited) @executable_path/Frameworks";
				PRODUCT_BUNDLE_IDENTIFIER = "tw.idv.william.CAShapeLayer-Animation";
				PRODUCT_NAME = "$(TARGET_NAME)";
				SWIFT_VERSION = 4.0;
				TARGETED_DEVICE_FAMILY = "1,2";
			};
			name = Debug;
		};
		64964A2A2092F6920031D4D6 /* Release */ = {
			isa = XCBuildConfiguration;
			buildSettings = {
				ASSETCATALOG_COMPILER_APPICON_NAME = AppIcon;
				CODE_SIGN_STYLE = Automatic;
				DEVELOPMENT_TEAM = GXE4438K84;
				INFOPLIST_FILE = CAShapeLayer_Animation/Info.plist;
				IPHONEOS_DEPLOYMENT_TARGET = 9.0;
				LD_RUNPATH_SEARCH_PATHS = "$(inherited) @executable_path/Frameworks";
				PRODUCT_BUNDLE_IDENTIFIER = "tw.idv.william.CAShapeLayer-Animation";
				PRODUCT_NAME = "$(TARGET_NAME)";
				SWIFT_VERSION = 4.0;
				TARGETED_DEVICE_FAMILY = "1,2";
			};
			name = Release;
		};
/* End XCBuildConfiguration section */

/* Begin XCConfigurationList section */
		64964A112092F6920031D4D6 /* Build configuration list for PBXProject "CAShapeLayer_Animation" */ = {
			isa = XCConfigurationList;
			buildConfigurations = (
				64964A262092F6920031D4D6 /* Debug */,
				64964A272092F6920031D4D6 /* Release */,
			);
			defaultConfigurationIsVisible = 0;
			defaultConfigurationName = Release;
		};
		64964A282092F6920031D4D6 /* Build configuration list for PBXNativeTarget "CAShapeLayer_Animation" */ = {
			isa = XCConfigurationList;
			buildConfigurations = (
				64964A292092F6920031D4D6 /* Debug */,
				64964A2A2092F6920031D4D6 /* Release */,
			);
			defaultConfigurationIsVisible = 0;
			defaultConfigurationName = Release;
		};
/* End XCConfigurationList section */
	};
	rootObject = 64964A0E2092F6920031D4D6 /* Project object */;
}
